<?xml version="1.0" encoding="utf-8"?>
<Project ToolsVersion="4.0" xmlns="http://schemas.microsoft.com/developer/msbuild/2003">
  <ItemGroup>
    <Filter Include="Source Files">
      <UniqueIdentifier>{4FC737F1-C7A5-4376-A066-2A32D752A2FF}</UniqueIdentifier>
      <Extensions>cpp;c;cc;cxx;def;odl;idl;hpj;bat;asm;asmx</Extensions>
    </Filter>
    <Filter Include="Header Files">
      <UniqueIdentifier>{93995380-89BD-4b04-88EB-625FBE52EBFB}</UniqueIdentifier>
      <Extensions>h;hpp;hxx;hm;inl;inc;xsd</Extensions>
    </Filter>
    <Filter Include="Resource Files">
      <UniqueIdentifier>{67DA6AB6-F800-4c08-8B7A-83BB121AAD01}</UniqueIdentifier>
      <Extensions>rc;ico;cur;bmp;dlg;rc2;rct;bin;rgs;gif;jpg;jpeg;jpe;resx;tiff;tif;png;wav;mfcribbon-ms</Extensions>
    </Filter>
    <Filter Include="Generated Files">
      <UniqueIdentifier>{3cb6f882-9ee1-43c7-994c-e4e3d470105b}</UniqueIdentifier>
    </Filter>
  </ItemGroup>
  <ItemGroup>
    <ClCompile Include="dllmain.cpp">
      <Filter>Source Files</Filter>
    </ClCompile>
    <ClCompile Include="Exchange.cpp">
      <Filter>Source Files</Filter>
    </ClCompile>
    <ClCompile Include="MapiMigration.cpp">
      <Filter>Source Files</Filter>
    </ClCompile>
    <ClCompile Include="MapiWrapper.cpp">
      <Filter>Source Files</Filter>
    </ClCompile>
    <ClCompile Include="Exchange_i.c">
      <Filter>Generated Files</Filter>
    </ClCompile>
    <ClCompile Include="MapiUtils.cpp">
      <Filter>Source Files</Filter>
    </ClCompile>
    <ClCompile Include="ExchangeAdmin.cpp">
      <Filter>Source Files</Filter>
    </ClCompile>
    <ClCompile Include="MAPITableIterator.cpp">
      <Filter>Source Files</Filter>
    </ClCompile>
    <ClCompile Include="MAPISession.cpp">
      <Filter>Source Files</Filter>
    </ClCompile>
    <ClCompile Include="MAPIStore.cpp">
      <Filter>Source Files</Filter>
    </ClCompile>
    <ClCompile Include="MAPIAccessAPI.cpp">
      <Filter>Source Files</Filter>
    </ClCompile>
    <ClCompile Include="folderObject.cpp">
      <Filter>Source Files</Filter>
    </ClCompile>
    <ClCompile Include="ItemObject.cpp">
      <Filter>Source Files</Filter>
    </ClCompile>
    <ClCompile Include="ContactObj.cpp">
      <Filter>Source Files</Filter>
    </ClCompile>
    <ClCompile Include="UserObject.cpp">
      <Filter>Source Files</Filter>
    </ClCompile>
    <ClCompile Include="MAPIContacts.cpp">
      <Filter>Source Files</Filter>
    </ClCompile>
    <ClCompile Include="MAPIMessage.cpp">
      <Filter>Source Files</Filter>
    </ClCompile>
    <ClCompile Include="MAPIFolder.cpp">
      <Filter>Source Files</Filter>
    </ClCompile>
    <ClCompile Include="MAPIAppointment.cpp">
      <Filter>Source Files</Filter>
    </ClCompile>
    <ClCompile Include="MAPITask.cpp">
      <Filter>Source Files</Filter>
    </ClCompile>
  </ItemGroup>
  <ItemGroup>
    <ClInclude Include="MapiMigration.h">
      <Filter>Header Files</Filter>
    </ClInclude>
    <ClInclude Include="MapiWrapper.h">
      <Filter>Header Files</Filter>
    </ClInclude>
    <ClInclude Include="Exchange_i.h">
      <Filter>Generated Files</Filter>
    </ClInclude>
    <ClInclude Include="GenericException.h">
      <Filter>Header Files</Filter>
    </ClInclude>
    <ClInclude Include="MapiUtils.h">
      <Filter>Header Files</Filter>
    </ClInclude>
    <ClInclude Include="ExchangeAdmin.h">
      <Filter>Header Files</Filter>
    </ClInclude>
    <ClInclude Include="MAPITableIterator.h">
      <Filter>Header Files</Filter>
    </ClInclude>
    <ClInclude Include="MAPISession.h">
      <Filter>Header Files</Filter>
    </ClInclude>
    <ClInclude Include="MAPIStore.h">
      <Filter>Header Files</Filter>
    </ClInclude>
    <ClInclude Include="Exchange.h">
      <Filter>Header Files</Filter>
    </ClInclude>
    <ClInclude Include="MAPIAccessAPI.h">
      <Filter>Header Files</Filter>
    </ClInclude>
    <ClInclude Include="tree.h">
      <Filter>Header Files</Filter>
    </ClInclude>
    <ClInclude Include="resource.h">
      <Filter>Header Files</Filter>
    </ClInclude>
    <ClInclude Include="folderObject.h">
      <Filter>Header Files</Filter>
    </ClInclude>
    <ClInclude Include="ItemObject.h">
      <Filter>Header Files</Filter>
    </ClInclude>
    <ClInclude Include="ContactObj.h">
      <Filter>Header Files</Filter>
    </ClInclude>
    <ClInclude Include="UserObject.h">
      <Filter>Header Files</Filter>
    </ClInclude>
    <ClInclude Include="MAPIContacts.h">
      <Filter>Header Files</Filter>
    </ClInclude>
    <ClInclude Include="MAPIMessage.h">
      <Filter>Header Files</Filter>
    </ClInclude>
    <ClInclude Include="MAPIFolder.h">
      <Filter>Header Files</Filter>
    </ClInclude>
    <ClInclude Include="MAPIAppointment.h">
      <Filter>Header Files</Filter>
    </ClInclude>
    <ClInclude Include="MAPITask.h">
      <Filter>Header Files</Filter>
    </ClInclude>
  </ItemGroup>
  <ItemGroup>
    <Midl Include="Exchange.idl">
      <Filter>Source Files</Filter>
    </Midl>
  </ItemGroup>
  <ItemGroup>
    <None Include="Exchange.rgs">
      <Filter>Resource Files</Filter>
    </None>
    <None Include="MapiWrapper.rgs">
      <Filter>Resource Files</Filter>
    </None>
    <None Include="Exchange.def">
      <Filter>Source Files</Filter>
    </None>
    <None Include="folderObject.rgs">
      <Filter>Resource Files</Filter>
    </None>
    <None Include="ItemObject.rgs">
      <Filter>Resource Files</Filter>
    </None>
    <None Include="UserObject.rgs">
      <Filter>Resource Files</Filter>
    </None>
  </ItemGroup>
  <ItemGroup>
    <ResourceCompile Include="Exchange.rc">
      <Filter>Resource Files</Filter>
    </ResourceCompile>
  </ItemGroup>
</Project>