<?xml version="1.0" encoding="utf-8"?>
<Project ToolsVersion="4.0" xmlns="http://schemas.microsoft.com/developer/msbuild/2003">
  <ItemGroup>
    <Filter Include="Source Files">
      <UniqueIdentifier>{084888af-1f74-4266-a2e7-19ba961872d0}</UniqueIdentifier>
    </Filter>
    <Filter Include="Generated Files">
      <UniqueIdentifier>{3535cfb8-4315-419e-a5d7-a39fdf45ced9}</UniqueIdentifier>
      <SourceControlFiles>False</SourceControlFiles>
    </Filter>
  </ItemGroup>
  <ItemGroup>
    <None Include="MapiExchangeps.def" />
  </ItemGroup>
  <ItemGroup>
    <ClCompile Include="MapiExchange_i.c">
      <Filter>Generated Files</Filter>
    </ClCompile>
    <ClCompile Include="MapiExchange_p.c">
      <Filter>Generated Files</Filter>
    </ClCompile>
    <ClCompile Include="dlldata.c">
      <Filter>Generated Files</Filter>
    </ClCompile>
  </ItemGroup>
</Project>