
Microsoft Visual Studio Solution File, Format Version 11.00
# Visual Studio 2010
Project("{FAE04EC0-301F-11D3-BF4B-00C04F79EFBC}") = "ZimbraMigration", "src\c\ZimbraMigration\ZimbraMigration.csproj", "{39B1DC79-CA1E-4595-94A1-BE5CF4203CF3}"
	ProjectSection(ProjectDependencies) = postProject
		{72F90E77-CF7F-40A5-884C-1E7B1D9A9AAC} = {72F90E77-CF7F-40A5-884C-1E7B1D9A9AAC}
	EndProjectSection
EndProject
Project("{FAE04EC0-301F-11D3-BF4B-00C04F79EFBC}") = "ZimbraMigrationXBAP", "src\c\ZimbraMigrationXBAP\ZimbraMigrationXBAP.csproj", "{7DAD7C85-C622-4FA4-8E78-87CC470A7E7C}"
	ProjectSection(ProjectDependencies) = postProject
		{72F90E77-CF7F-40A5-884C-1E7B1D9A9AAC} = {72F90E77-CF7F-40A5-884C-1E7B1D9A9AAC}
	EndProjectSection
EndProject
Project("{FAE04EC0-301F-11D3-BF4B-00C04F79EFBC}") = "MVVM", "src\c\MVVM\MVVM.csproj", "{72F90E77-CF7F-40A5-884C-1E7B1D9A9AAC}"
	ProjectSection(ProjectDependencies) = postProject
		{F2DD9C29-0CC4-4CF9-8BE0-43E26825975B} = {F2DD9C29-0CC4-4CF9-8BE0-43E26825975B}
	EndProjectSection
EndProject
Project("{FAE04EC0-301F-11D3-BF4B-00C04F79EFBC}") = "Misc", "src\c\Misc\Misc.csproj", "{F2DD9C29-0CC4-4CF9-8BE0-43E26825975B}"
EndProject
Project("{8BC9CEB8-8B4A-11D0-8D11-00A0C91BC942}") = "CppLib", "src\c\CppLib\CppLib.vcxproj", "{40AC2429-0A84-4E10-8011-439412E5A566}"
EndProject
Project("{8BC9CEB8-8B4A-11D0-8D11-00A0C91BC942}") = "PSTMigration", "src\c\PSTMigration\PSTMigration.vcxproj", "{B4DEC736-0347-42E6-9F01-9AF82891FE82}"
	ProjectSection(ProjectDependencies) = postProject
		{76F01C7C-953B-4A0F-92D4-F3FBF50C6D71} = {76F01C7C-953B-4A0F-92D4-F3FBF50C6D71}
		{A541A6A1-5677-4504-8D2D-1FB7F3F85585} = {A541A6A1-5677-4504-8D2D-1FB7F3F85585}
	EndProjectSection
EndProject
Project("{8BC9CEB8-8B4A-11D0-8D11-00A0C91BC942}") = "Util", "..\ZimbraMAPI\vcproj\Util.vcxproj", "{AD950B89-E346-4095-98BE-E91944C716AD}"
EndProject
Project("{8BC9CEB8-8B4A-11D0-8D11-00A0C91BC942}") = "ZimbraMime", "..\ZimbraMAPI\vcproj\ZimbraMime.vcxproj", "{A541A6A1-5677-4504-8D2D-1FB7F3F85585}"
EndProject
Project("{8BC9CEB8-8B4A-11D0-8D11-00A0C91BC942}") = "Zimbra", "..\ZimbraMAPI\vcproj\ZimbraRpc.vcxproj", "{3391699B-1204-4098-8697-2E43800AABE4}"
EndProject
Project("{8BC9CEB8-8B4A-11D0-8D11-00A0C91BC942}") = "Exchange", "src\c\Exchange\Exchange.vcxproj", "{76F01C7C-953B-4A0F-92D4-F3FBF50C6D71}"
	ProjectSection(ProjectDependencies) = postProject
		{3391699B-1204-4098-8697-2E43800AABE4} = {3391699B-1204-4098-8697-2E43800AABE4}
	EndProjectSection
EndProject
Project("{8BC9CEB8-8B4A-11D0-8D11-00A0C91BC942}") = "ZimbraMigrate", "src\c\ZimbraMigrate\ZimbraMigrate.vcxproj", "{B4DED736-0147-48E6-9F01-93F82D91FE82}"
EndProject
Project("{8BC9CEB8-8B4A-11D0-8D11-00A0C91BC942}") = "MapiExchange", "src\c\Exchange\MapiExchange\MapiExchange\MapiExchange.vcxproj", "{056AA959-0FF5-4123-96F2-DE08D8B5636C}"
EndProject
Project("{8BC9CEB8-8B4A-11D0-8D11-00A0C91BC942}") = "ExchangeMigration", "src\c\ExchangeMigration\ExchangeMigration.vcxproj", "{00B36F9B-D3C0-428C-8DBA-837E4D424E66}"
EndProject
Project("{8BC9CEB8-8B4A-11D0-8D11-00A0C91BC942}") = "ExchangeMigrationPS", "src\c\ExchangeMigration\ExchangeMigrationPS.vcxproj", "{6298EDAB-74DC-4A9D-B95D-0D1223861629}"
	ProjectSection(ProjectDependencies) = postProject
		{00B36F9B-D3C0-428C-8DBA-837E4D424E66} = {00B36F9B-D3C0-428C-8DBA-837E4D424E66}
	EndProjectSection
EndProject
Project("{FAE04EC0-301F-11D3-BF4B-00C04F79EFBC}") = "CssLib", "src\c\CssLib\CssLib.csproj", "{1E39345E-E550-4530-ABF8-4DAE702D4FFA}"
EndProject
Project("{FAE04EC0-301F-11D3-BF4B-00C04F79EFBC}") = "ZimbraMigrationConsole", "src\c\ZimbraMigrationConsole\ZimbraMigrationConsole.csproj", "{DEBF5F38-2B24-4958-9895-A201E3C133BC}"
EndProject
Global
	GlobalSection(SolutionConfigurationPlatforms) = preSolution
		dbg|Any CPU = dbg|Any CPU
		dbg|Mixed Platforms = dbg|Mixed Platforms
		dbg|Win32 = dbg|Win32
		dbg|x64 = dbg|x64
		dbg|x86 = dbg|x86
		Debug|Any CPU = Debug|Any CPU
		Debug|Mixed Platforms = Debug|Mixed Platforms
		Debug|Win32 = Debug|Win32
		Debug|x64 = Debug|x64
		Debug|x86 = Debug|x86
		Release|Any CPU = Release|Any CPU
		Release|Mixed Platforms = Release|Mixed Platforms
		Release|Win32 = Release|Win32
		Release|x64 = Release|x64
		Release|x86 = Release|x86
		rtl|Any CPU = rtl|Any CPU
		rtl|Mixed Platforms = rtl|Mixed Platforms
		rtl|Win32 = rtl|Win32
		rtl|x64 = rtl|x64
		rtl|x86 = rtl|x86
	EndGlobalSection
	GlobalSection(ProjectConfigurationPlatforms) = postSolution
		{39B1DC79-CA1E-4595-94A1-BE5CF4203CF3}.dbg|Any CPU.ActiveCfg = dbg|x86
		{39B1DC79-CA1E-4595-94A1-BE5CF4203CF3}.dbg|Mixed Platforms.ActiveCfg = dbg|x86
		{39B1DC79-CA1E-4595-94A1-BE5CF4203CF3}.dbg|Mixed Platforms.Build.0 = dbg|x86
		{39B1DC79-CA1E-4595-94A1-BE5CF4203CF3}.dbg|Win32.ActiveCfg = dbg|x86
		{39B1DC79-CA1E-4595-94A1-BE5CF4203CF3}.dbg|Win32.Build.0 = dbg|x86
		{39B1DC79-CA1E-4595-94A1-BE5CF4203CF3}.dbg|x64.ActiveCfg = dbg|x86
		{39B1DC79-CA1E-4595-94A1-BE5CF4203CF3}.dbg|x86.ActiveCfg = dbg|x86
		{39B1DC79-CA1E-4595-94A1-BE5CF4203CF3}.dbg|x86.Build.0 = dbg|x86
		{39B1DC79-CA1E-4595-94A1-BE5CF4203CF3}.Debug|Any CPU.ActiveCfg = dbg|x86
		{39B1DC79-CA1E-4595-94A1-BE5CF4203CF3}.Debug|Mixed Platforms.ActiveCfg = dbg|x86
		{39B1DC79-CA1E-4595-94A1-BE5CF4203CF3}.Debug|Mixed Platforms.Build.0 = dbg|x86
		{39B1DC79-CA1E-4595-94A1-BE5CF4203CF3}.Debug|Win32.ActiveCfg = dbg|x86
		{39B1DC79-CA1E-4595-94A1-BE5CF4203CF3}.Debug|x64.ActiveCfg = dbg|x86
		{39B1DC79-CA1E-4595-94A1-BE5CF4203CF3}.Debug|x86.ActiveCfg = dbg|x86
		{39B1DC79-CA1E-4595-94A1-BE5CF4203CF3}.Debug|x86.Build.0 = dbg|x86
		{39B1DC79-CA1E-4595-94A1-BE5CF4203CF3}.Release|Any CPU.ActiveCfg = rtl|x86
		{39B1DC79-CA1E-4595-94A1-BE5CF4203CF3}.Release|Mixed Platforms.ActiveCfg = rtl|x86
		{39B1DC79-CA1E-4595-94A1-BE5CF4203CF3}.Release|Mixed Platforms.Build.0 = rtl|x86
		{39B1DC79-CA1E-4595-94A1-BE5CF4203CF3}.Release|Win32.ActiveCfg = rtl|x86
		{39B1DC79-CA1E-4595-94A1-BE5CF4203CF3}.Release|x64.ActiveCfg = rtl|x86
		{39B1DC79-CA1E-4595-94A1-BE5CF4203CF3}.Release|x86.ActiveCfg = rtl|x86
		{39B1DC79-CA1E-4595-94A1-BE5CF4203CF3}.Release|x86.Build.0 = rtl|x86
		{39B1DC79-CA1E-4595-94A1-BE5CF4203CF3}.rtl|Any CPU.ActiveCfg = rtl|x86
		{39B1DC79-CA1E-4595-94A1-BE5CF4203CF3}.rtl|Mixed Platforms.ActiveCfg = rtl|x86
		{39B1DC79-CA1E-4595-94A1-BE5CF4203CF3}.rtl|Mixed Platforms.Build.0 = rtl|x86
		{39B1DC79-CA1E-4595-94A1-BE5CF4203CF3}.rtl|Win32.ActiveCfg = rtl|x86
		{39B1DC79-CA1E-4595-94A1-BE5CF4203CF3}.rtl|Win32.Build.0 = rtl|x86
		{39B1DC79-CA1E-4595-94A1-BE5CF4203CF3}.rtl|x64.ActiveCfg = rtl|x86
		{39B1DC79-CA1E-4595-94A1-BE5CF4203CF3}.rtl|x86.ActiveCfg = rtl|x86
		{7DAD7C85-C622-4FA4-8E78-87CC470A7E7C}.dbg|Any CPU.ActiveCfg = dbg|Any CPU
		{7DAD7C85-C622-4FA4-8E78-87CC470A7E7C}.dbg|Any CPU.Build.0 = dbg|Any CPU
		{7DAD7C85-C622-4FA4-8E78-87CC470A7E7C}.dbg|Mixed Platforms.ActiveCfg = dbg|Any CPU
		{7DAD7C85-C622-4FA4-8E78-87CC470A7E7C}.dbg|Mixed Platforms.Build.0 = dbg|Any CPU
		{7DAD7C85-C622-4FA4-8E78-87CC470A7E7C}.dbg|Win32.ActiveCfg = dbg|Any CPU
		{7DAD7C85-C622-4FA4-8E78-87CC470A7E7C}.dbg|Win32.Build.0 = dbg|Any CPU
		{7DAD7C85-C622-4FA4-8E78-87CC470A7E7C}.dbg|x64.ActiveCfg = dbg|Any CPU
		{7DAD7C85-C622-4FA4-8E78-87CC470A7E7C}.dbg|x86.ActiveCfg = dbg|Any CPU
		{7DAD7C85-C622-4FA4-8E78-87CC470A7E7C}.dbg|x86.Build.0 = dbg|Any CPU
		{7DAD7C85-C622-4FA4-8E78-87CC470A7E7C}.Debug|Any CPU.ActiveCfg = dbg|Any CPU
		{7DAD7C85-C622-4FA4-8E78-87CC470A7E7C}.Debug|Any CPU.Build.0 = dbg|Any CPU
		{7DAD7C85-C622-4FA4-8E78-87CC470A7E7C}.Debug|Mixed Platforms.ActiveCfg = dbg|Any CPU
		{7DAD7C85-C622-4FA4-8E78-87CC470A7E7C}.Debug|Mixed Platforms.Build.0 = dbg|Any CPU
		{7DAD7C85-C622-4FA4-8E78-87CC470A7E7C}.Debug|Win32.ActiveCfg = dbg|Any CPU
		{7DAD7C85-C622-4FA4-8E78-87CC470A7E7C}.Debug|x64.ActiveCfg = dbg|Any CPU
		{7DAD7C85-C622-4FA4-8E78-87CC470A7E7C}.Debug|x86.ActiveCfg = dbg|Any CPU
		{7DAD7C85-C622-4FA4-8E78-87CC470A7E7C}.Release|Any CPU.ActiveCfg = rtl|Any CPU
		{7DAD7C85-C622-4FA4-8E78-87CC470A7E7C}.Release|Any CPU.Build.0 = rtl|Any CPU
		{7DAD7C85-C622-4FA4-8E78-87CC470A7E7C}.Release|Mixed Platforms.ActiveCfg = rtl|Any CPU
		{7DAD7C85-C622-4FA4-8E78-87CC470A7E7C}.Release|Mixed Platforms.Build.0 = rtl|Any CPU
		{7DAD7C85-C622-4FA4-8E78-87CC470A7E7C}.Release|Win32.ActiveCfg = rtl|Any CPU
		{7DAD7C85-C622-4FA4-8E78-87CC470A7E7C}.Release|x64.ActiveCfg = rtl|Any CPU
		{7DAD7C85-C622-4FA4-8E78-87CC470A7E7C}.Release|x86.ActiveCfg = rtl|Any CPU
		{7DAD7C85-C622-4FA4-8E78-87CC470A7E7C}.rtl|Any CPU.ActiveCfg = rtl|Any CPU
		{7DAD7C85-C622-4FA4-8E78-87CC470A7E7C}.rtl|Any CPU.Build.0 = rtl|Any CPU
		{7DAD7C85-C622-4FA4-8E78-87CC470A7E7C}.rtl|Mixed Platforms.ActiveCfg = rtl|Any CPU
		{7DAD7C85-C622-4FA4-8E78-87CC470A7E7C}.rtl|Mixed Platforms.Build.0 = rtl|Any CPU
		{7DAD7C85-C622-4FA4-8E78-87CC470A7E7C}.rtl|Win32.ActiveCfg = rtl|Any CPU
		{7DAD7C85-C622-4FA4-8E78-87CC470A7E7C}.rtl|Win32.Build.0 = rtl|Any CPU
		{7DAD7C85-C622-4FA4-8E78-87CC470A7E7C}.rtl|x64.ActiveCfg = rtl|Any CPU
		{7DAD7C85-C622-4FA4-8E78-87CC470A7E7C}.rtl|x86.ActiveCfg = rtl|Any CPU
		{72F90E77-CF7F-40A5-884C-1E7B1D9A9AAC}.dbg|Any CPU.ActiveCfg = dbg|Any CPU
		{72F90E77-CF7F-40A5-884C-1E7B1D9A9AAC}.dbg|Any CPU.Build.0 = dbg|Any CPU
		{72F90E77-CF7F-40A5-884C-1E7B1D9A9AAC}.dbg|Mixed Platforms.ActiveCfg = dbg|Any CPU
		{72F90E77-CF7F-40A5-884C-1E7B1D9A9AAC}.dbg|Mixed Platforms.Build.0 = dbg|Any CPU
		{72F90E77-CF7F-40A5-884C-1E7B1D9A9AAC}.dbg|Win32.ActiveCfg = dbg|Any CPU
		{72F90E77-CF7F-40A5-884C-1E7B1D9A9AAC}.dbg|Win32.Build.0 = dbg|Any CPU
		{72F90E77-CF7F-40A5-884C-1E7B1D9A9AAC}.dbg|x64.ActiveCfg = dbg|Any CPU
		{72F90E77-CF7F-40A5-884C-1E7B1D9A9AAC}.dbg|x86.ActiveCfg = dbg|Any CPU
		{72F90E77-CF7F-40A5-884C-1E7B1D9A9AAC}.dbg|x86.Build.0 = dbg|Any CPU
		{72F90E77-CF7F-40A5-884C-1E7B1D9A9AAC}.Debug|Any CPU.ActiveCfg = dbg|Any CPU
		{72F90E77-CF7F-40A5-884C-1E7B1D9A9AAC}.Debug|Any CPU.Build.0 = dbg|Any CPU
		{72F90E77-CF7F-40A5-884C-1E7B1D9A9AAC}.Debug|Mixed Platforms.ActiveCfg = dbg|Any CPU
		{72F90E77-CF7F-40A5-884C-1E7B1D9A9AAC}.Debug|Mixed Platforms.Build.0 = dbg|Any CPU
		{72F90E77-CF7F-40A5-884C-1E7B1D9A9AAC}.Debug|Win32.ActiveCfg = dbg|Any CPU
		{72F90E77-CF7F-40A5-884C-1E7B1D9A9AAC}.Debug|x64.ActiveCfg = dbg|Any CPU
		{72F90E77-CF7F-40A5-884C-1E7B1D9A9AAC}.Debug|x86.ActiveCfg = dbg|Any CPU
		{72F90E77-CF7F-40A5-884C-1E7B1D9A9AAC}.Release|Any CPU.ActiveCfg = rtl|Any CPU
		{72F90E77-CF7F-40A5-884C-1E7B1D9A9AAC}.Release|Any CPU.Build.0 = rtl|Any CPU
		{72F90E77-CF7F-40A5-884C-1E7B1D9A9AAC}.Release|Mixed Platforms.ActiveCfg = rtl|Any CPU
		{72F90E77-CF7F-40A5-884C-1E7B1D9A9AAC}.Release|Mixed Platforms.Build.0 = rtl|Any CPU
		{72F90E77-CF7F-40A5-884C-1E7B1D9A9AAC}.Release|Win32.ActiveCfg = rtl|Any CPU
		{72F90E77-CF7F-40A5-884C-1E7B1D9A9AAC}.Release|x64.ActiveCfg = rtl|Any CPU
		{72F90E77-CF7F-40A5-884C-1E7B1D9A9AAC}.Release|x86.ActiveCfg = rtl|Any CPU
		{72F90E77-CF7F-40A5-884C-1E7B1D9A9AAC}.rtl|Any CPU.ActiveCfg = rtl|Any CPU
		{72F90E77-CF7F-40A5-884C-1E7B1D9A9AAC}.rtl|Any CPU.Build.0 = rtl|Any CPU
		{72F90E77-CF7F-40A5-884C-1E7B1D9A9AAC}.rtl|Mixed Platforms.ActiveCfg = rtl|Any CPU
		{72F90E77-CF7F-40A5-884C-1E7B1D9A9AAC}.rtl|Mixed Platforms.Build.0 = rtl|Any CPU
		{72F90E77-CF7F-40A5-884C-1E7B1D9A9AAC}.rtl|Win32.ActiveCfg = rtl|Any CPU
		{72F90E77-CF7F-40A5-884C-1E7B1D9A9AAC}.rtl|Win32.Build.0 = rtl|Any CPU
		{72F90E77-CF7F-40A5-884C-1E7B1D9A9AAC}.rtl|x64.ActiveCfg = rtl|Any CPU
		{72F90E77-CF7F-40A5-884C-1E7B1D9A9AAC}.rtl|x86.ActiveCfg = rtl|Any CPU
		{F2DD9C29-0CC4-4CF9-8BE0-43E26825975B}.dbg|Any CPU.ActiveCfg = dbg|Any CPU
		{F2DD9C29-0CC4-4CF9-8BE0-43E26825975B}.dbg|Any CPU.Build.0 = dbg|Any CPU
		{F2DD9C29-0CC4-4CF9-8BE0-43E26825975B}.dbg|Mixed Platforms.ActiveCfg = dbg|Any CPU
		{F2DD9C29-0CC4-4CF9-8BE0-43E26825975B}.dbg|Mixed Platforms.Build.0 = dbg|Any CPU
		{F2DD9C29-0CC4-4CF9-8BE0-43E26825975B}.dbg|Win32.ActiveCfg = dbg|Any CPU
		{F2DD9C29-0CC4-4CF9-8BE0-43E26825975B}.dbg|Win32.Build.0 = dbg|Any CPU
		{F2DD9C29-0CC4-4CF9-8BE0-43E26825975B}.dbg|x64.ActiveCfg = dbg|Any CPU
		{F2DD9C29-0CC4-4CF9-8BE0-43E26825975B}.dbg|x86.ActiveCfg = dbg|Any CPU
		{F2DD9C29-0CC4-4CF9-8BE0-43E26825975B}.dbg|x86.Build.0 = dbg|Any CPU
		{F2DD9C29-0CC4-4CF9-8BE0-43E26825975B}.Debug|Any CPU.ActiveCfg = dbg|Any CPU
		{F2DD9C29-0CC4-4CF9-8BE0-43E26825975B}.Debug|Any CPU.Build.0 = dbg|Any CPU
		{F2DD9C29-0CC4-4CF9-8BE0-43E26825975B}.Debug|Mixed Platforms.ActiveCfg = dbg|Any CPU
		{F2DD9C29-0CC4-4CF9-8BE0-43E26825975B}.Debug|Mixed Platforms.Build.0 = dbg|Any CPU
		{F2DD9C29-0CC4-4CF9-8BE0-43E26825975B}.Debug|Win32.ActiveCfg = dbg|Any CPU
		{F2DD9C29-0CC4-4CF9-8BE0-43E26825975B}.Debug|x64.ActiveCfg = dbg|Any CPU
		{F2DD9C29-0CC4-4CF9-8BE0-43E26825975B}.Debug|x86.ActiveCfg = dbg|Any CPU
		{F2DD9C29-0CC4-4CF9-8BE0-43E26825975B}.Release|Any CPU.ActiveCfg = rtl|Any CPU
		{F2DD9C29-0CC4-4CF9-8BE0-43E26825975B}.Release|Any CPU.Build.0 = rtl|Any CPU
		{F2DD9C29-0CC4-4CF9-8BE0-43E26825975B}.Release|Mixed Platforms.ActiveCfg = rtl|Any CPU
		{F2DD9C29-0CC4-4CF9-8BE0-43E26825975B}.Release|Mixed Platforms.Build.0 = rtl|Any CPU
		{F2DD9C29-0CC4-4CF9-8BE0-43E26825975B}.Release|Win32.ActiveCfg = rtl|Any CPU
		{F2DD9C29-0CC4-4CF9-8BE0-43E26825975B}.Release|x64.ActiveCfg = rtl|Any CPU
		{F2DD9C29-0CC4-4CF9-8BE0-43E26825975B}.Release|x86.ActiveCfg = rtl|Any CPU
		{F2DD9C29-0CC4-4CF9-8BE0-43E26825975B}.rtl|Any CPU.ActiveCfg = rtl|Any CPU
		{F2DD9C29-0CC4-4CF9-8BE0-43E26825975B}.rtl|Any CPU.Build.0 = rtl|Any CPU
		{F2DD9C29-0CC4-4CF9-8BE0-43E26825975B}.rtl|Mixed Platforms.ActiveCfg = rtl|Any CPU
		{F2DD9C29-0CC4-4CF9-8BE0-43E26825975B}.rtl|Mixed Platforms.Build.0 = rtl|Any CPU
		{F2DD9C29-0CC4-4CF9-8BE0-43E26825975B}.rtl|Win32.ActiveCfg = rtl|Any CPU
		{F2DD9C29-0CC4-4CF9-8BE0-43E26825975B}.rtl|Win32.Build.0 = rtl|Any CPU
		{F2DD9C29-0CC4-4CF9-8BE0-43E26825975B}.rtl|x64.ActiveCfg = rtl|Any CPU
		{F2DD9C29-0CC4-4CF9-8BE0-43E26825975B}.rtl|x86.ActiveCfg = rtl|Any CPU
		{40AC2429-0A84-4E10-8011-439412E5A566}.dbg|Any CPU.ActiveCfg = dbg|x64
		{40AC2429-0A84-4E10-8011-439412E5A566}.dbg|Mixed Platforms.ActiveCfg = dbg|Win32
		{40AC2429-0A84-4E10-8011-439412E5A566}.dbg|Mixed Platforms.Build.0 = dbg|Win32
		{40AC2429-0A84-4E10-8011-439412E5A566}.dbg|Win32.ActiveCfg = dbg|Win32
		{40AC2429-0A84-4E10-8011-439412E5A566}.dbg|Win32.Build.0 = dbg|Win32
		{40AC2429-0A84-4E10-8011-439412E5A566}.dbg|x64.ActiveCfg = dbg|x64
		{40AC2429-0A84-4E10-8011-439412E5A566}.dbg|x64.Build.0 = dbg|x64
		{40AC2429-0A84-4E10-8011-439412E5A566}.dbg|x86.ActiveCfg = dbg|Win32
		{40AC2429-0A84-4E10-8011-439412E5A566}.dbg|x86.Build.0 = dbg|Win32
		{40AC2429-0A84-4E10-8011-439412E5A566}.Debug|Any CPU.ActiveCfg = dbg|x64
		{40AC2429-0A84-4E10-8011-439412E5A566}.Debug|Mixed Platforms.ActiveCfg = dbg|x64
		{40AC2429-0A84-4E10-8011-439412E5A566}.Debug|Mixed Platforms.Build.0 = dbg|x64
		{40AC2429-0A84-4E10-8011-439412E5A566}.Debug|Win32.ActiveCfg = dbg|x64
		{40AC2429-0A84-4E10-8011-439412E5A566}.Debug|x64.ActiveCfg = dbg|x64
		{40AC2429-0A84-4E10-8011-439412E5A566}.Debug|x64.Build.0 = dbg|x64
		{40AC2429-0A84-4E10-8011-439412E5A566}.Debug|x86.ActiveCfg = dbg|x64
		{40AC2429-0A84-4E10-8011-439412E5A566}.Release|Any CPU.ActiveCfg = rtl|x64
		{40AC2429-0A84-4E10-8011-439412E5A566}.Release|Mixed Platforms.ActiveCfg = rtl|x64
		{40AC2429-0A84-4E10-8011-439412E5A566}.Release|Mixed Platforms.Build.0 = rtl|x64
		{40AC2429-0A84-4E10-8011-439412E5A566}.Release|Win32.ActiveCfg = rtl|x64
		{40AC2429-0A84-4E10-8011-439412E5A566}.Release|x64.ActiveCfg = rtl|x64
		{40AC2429-0A84-4E10-8011-439412E5A566}.Release|x64.Build.0 = rtl|x64
		{40AC2429-0A84-4E10-8011-439412E5A566}.Release|x86.ActiveCfg = rtl|x64
		{40AC2429-0A84-4E10-8011-439412E5A566}.rtl|Any CPU.ActiveCfg = rtl|x64
		{40AC2429-0A84-4E10-8011-439412E5A566}.rtl|Mixed Platforms.ActiveCfg = rtl|Win32
		{40AC2429-0A84-4E10-8011-439412E5A566}.rtl|Mixed Platforms.Build.0 = rtl|Win32
		{40AC2429-0A84-4E10-8011-439412E5A566}.rtl|Win32.ActiveCfg = rtl|Win32
		{40AC2429-0A84-4E10-8011-439412E5A566}.rtl|Win32.Build.0 = rtl|Win32
		{40AC2429-0A84-4E10-8011-439412E5A566}.rtl|x64.ActiveCfg = rtl|Win32
		{40AC2429-0A84-4E10-8011-439412E5A566}.rtl|x86.ActiveCfg = rtl|Win32
		{B4DEC736-0347-42E6-9F01-9AF82891FE82}.dbg|Any CPU.ActiveCfg = dbg|x64
		{B4DEC736-0347-42E6-9F01-9AF82891FE82}.dbg|Mixed Platforms.ActiveCfg = dbg|x64
		{B4DEC736-0347-42E6-9F01-9AF82891FE82}.dbg|Mixed Platforms.Build.0 = dbg|x64
		{B4DEC736-0347-42E6-9F01-9AF82891FE82}.dbg|Win32.ActiveCfg = dbg|Win32
		{B4DEC736-0347-42E6-9F01-9AF82891FE82}.dbg|Win32.Build.0 = dbg|Win32
		{B4DEC736-0347-42E6-9F01-9AF82891FE82}.dbg|x64.ActiveCfg = dbg|x64
		{B4DEC736-0347-42E6-9F01-9AF82891FE82}.dbg|x64.Build.0 = dbg|x64
		{B4DEC736-0347-42E6-9F01-9AF82891FE82}.dbg|x86.ActiveCfg = dbg|Win32
		{B4DEC736-0347-42E6-9F01-9AF82891FE82}.dbg|x86.Build.0 = dbg|Win32
		{B4DEC736-0347-42E6-9F01-9AF82891FE82}.Debug|Any CPU.ActiveCfg = dbg|x64
		{B4DEC736-0347-42E6-9F01-9AF82891FE82}.Debug|Mixed Platforms.ActiveCfg = dbg|x64
		{B4DEC736-0347-42E6-9F01-9AF82891FE82}.Debug|Mixed Platforms.Build.0 = dbg|x64
		{B4DEC736-0347-42E6-9F01-9AF82891FE82}.Debug|Win32.ActiveCfg = dbg|x64
		{B4DEC736-0347-42E6-9F01-9AF82891FE82}.Debug|x64.ActiveCfg = dbg|x64
		{B4DEC736-0347-42E6-9F01-9AF82891FE82}.Debug|x64.Build.0 = dbg|x64
		{B4DEC736-0347-42E6-9F01-9AF82891FE82}.Debug|x86.ActiveCfg = dbg|x64
		{B4DEC736-0347-42E6-9F01-9AF82891FE82}.Release|Any CPU.ActiveCfg = rtl|x64
		{B4DEC736-0347-42E6-9F01-9AF82891FE82}.Release|Mixed Platforms.ActiveCfg = rtl|x64
		{B4DEC736-0347-42E6-9F01-9AF82891FE82}.Release|Mixed Platforms.Build.0 = rtl|x64
		{B4DEC736-0347-42E6-9F01-9AF82891FE82}.Release|Win32.ActiveCfg = rtl|x64
		{B4DEC736-0347-42E6-9F01-9AF82891FE82}.Release|x64.ActiveCfg = rtl|x64
		{B4DEC736-0347-42E6-9F01-9AF82891FE82}.Release|x64.Build.0 = rtl|x64
		{B4DEC736-0347-42E6-9F01-9AF82891FE82}.Release|x86.ActiveCfg = rtl|x64
		{B4DEC736-0347-42E6-9F01-9AF82891FE82}.rtl|Any CPU.ActiveCfg = rtl|x64
		{B4DEC736-0347-42E6-9F01-9AF82891FE82}.rtl|Mixed Platforms.ActiveCfg = rtl|x64
		{B4DEC736-0347-42E6-9F01-9AF82891FE82}.rtl|Mixed Platforms.Build.0 = rtl|x64
		{B4DEC736-0347-42E6-9F01-9AF82891FE82}.rtl|Win32.ActiveCfg = rtl|Win32
		{B4DEC736-0347-42E6-9F01-9AF82891FE82}.rtl|Win32.Build.0 = rtl|Win32
		{B4DEC736-0347-42E6-9F01-9AF82891FE82}.rtl|x64.ActiveCfg = rtl|x64
		{B4DEC736-0347-42E6-9F01-9AF82891FE82}.rtl|x64.Build.0 = rtl|x64
		{B4DEC736-0347-42E6-9F01-9AF82891FE82}.rtl|x86.ActiveCfg = rtl|x64
		{AD950B89-E346-4095-98BE-E91944C716AD}.dbg|Any CPU.ActiveCfg = dbg|x64
		{AD950B89-E346-4095-98BE-E91944C716AD}.dbg|Mixed Platforms.ActiveCfg = dbg|x64
		{AD950B89-E346-4095-98BE-E91944C716AD}.dbg|Mixed Platforms.Build.0 = dbg|x64
		{AD950B89-E346-4095-98BE-E91944C716AD}.dbg|Win32.ActiveCfg = dbg|Win32
		{AD950B89-E346-4095-98BE-E91944C716AD}.dbg|Win32.Build.0 = dbg|Win32
		{AD950B89-E346-4095-98BE-E91944C716AD}.dbg|x64.ActiveCfg = dbg|x64
		{AD950B89-E346-4095-98BE-E91944C716AD}.dbg|x64.Build.0 = dbg|x64
		{AD950B89-E346-4095-98BE-E91944C716AD}.dbg|x86.ActiveCfg = dbg|Win32
		{AD950B89-E346-4095-98BE-E91944C716AD}.dbg|x86.Build.0 = dbg|Win32
		{AD950B89-E346-4095-98BE-E91944C716AD}.Debug|Any CPU.ActiveCfg = dbg|x64
		{AD950B89-E346-4095-98BE-E91944C716AD}.Debug|Mixed Platforms.ActiveCfg = dbg|x64
		{AD950B89-E346-4095-98BE-E91944C716AD}.Debug|Mixed Platforms.Build.0 = dbg|x64
		{AD950B89-E346-4095-98BE-E91944C716AD}.Debug|Win32.ActiveCfg = dbg|x64
		{AD950B89-E346-4095-98BE-E91944C716AD}.Debug|x64.ActiveCfg = dbg|x64
		{AD950B89-E346-4095-98BE-E91944C716AD}.Debug|x64.Build.0 = dbg|x64
		{AD950B89-E346-4095-98BE-E91944C716AD}.Debug|x86.ActiveCfg = dbg|x64
		{AD950B89-E346-4095-98BE-E91944C716AD}.Release|Any CPU.ActiveCfg = rtl|x64
		{AD950B89-E346-4095-98BE-E91944C716AD}.Release|Mixed Platforms.ActiveCfg = rtl|x64
		{AD950B89-E346-4095-98BE-E91944C716AD}.Release|Mixed Platforms.Build.0 = rtl|x64
		{AD950B89-E346-4095-98BE-E91944C716AD}.Release|Win32.ActiveCfg = rtl|x64
		{AD950B89-E346-4095-98BE-E91944C716AD}.Release|x64.ActiveCfg = rtl|x64
		{AD950B89-E346-4095-98BE-E91944C716AD}.Release|x64.Build.0 = rtl|x64
		{AD950B89-E346-4095-98BE-E91944C716AD}.Release|x86.ActiveCfg = rtl|x64
		{AD950B89-E346-4095-98BE-E91944C716AD}.rtl|Any CPU.ActiveCfg = rtl|x64
		{AD950B89-E346-4095-98BE-E91944C716AD}.rtl|Mixed Platforms.ActiveCfg = rtl|x64
		{AD950B89-E346-4095-98BE-E91944C716AD}.rtl|Mixed Platforms.Build.0 = rtl|x64
		{AD950B89-E346-4095-98BE-E91944C716AD}.rtl|Win32.ActiveCfg = rtl|Win32
		{AD950B89-E346-4095-98BE-E91944C716AD}.rtl|Win32.Build.0 = rtl|Win32
		{AD950B89-E346-4095-98BE-E91944C716AD}.rtl|x64.ActiveCfg = rtl|x64
		{AD950B89-E346-4095-98BE-E91944C716AD}.rtl|x64.Build.0 = rtl|x64
		{AD950B89-E346-4095-98BE-E91944C716AD}.rtl|x86.ActiveCfg = rtl|x64
		{A541A6A1-5677-4504-8D2D-1FB7F3F85585}.dbg|Any CPU.ActiveCfg = dbg|x64
		{A541A6A1-5677-4504-8D2D-1FB7F3F85585}.dbg|Mixed Platforms.ActiveCfg = dbg|x64
		{A541A6A1-5677-4504-8D2D-1FB7F3F85585}.dbg|Mixed Platforms.Build.0 = dbg|x64
		{A541A6A1-5677-4504-8D2D-1FB7F3F85585}.dbg|Win32.ActiveCfg = dbg|Win32
		{A541A6A1-5677-4504-8D2D-1FB7F3F85585}.dbg|Win32.Build.0 = dbg|Win32
		{A541A6A1-5677-4504-8D2D-1FB7F3F85585}.dbg|x64.ActiveCfg = dbg|x64
		{A541A6A1-5677-4504-8D2D-1FB7F3F85585}.dbg|x64.Build.0 = dbg|x64
		{A541A6A1-5677-4504-8D2D-1FB7F3F85585}.dbg|x86.ActiveCfg = dbg|Win32
		{A541A6A1-5677-4504-8D2D-1FB7F3F85585}.dbg|x86.Build.0 = dbg|Win32
		{A541A6A1-5677-4504-8D2D-1FB7F3F85585}.Debug|Any CPU.ActiveCfg = dbg|x64
		{A541A6A1-5677-4504-8D2D-1FB7F3F85585}.Debug|Mixed Platforms.ActiveCfg = dbg|x64
		{A541A6A1-5677-4504-8D2D-1FB7F3F85585}.Debug|Mixed Platforms.Build.0 = dbg|x64
		{A541A6A1-5677-4504-8D2D-1FB7F3F85585}.Debug|Win32.ActiveCfg = dbg|x64
		{A541A6A1-5677-4504-8D2D-1FB7F3F85585}.Debug|x64.ActiveCfg = dbg|x64
		{A541A6A1-5677-4504-8D2D-1FB7F3F85585}.Debug|x64.Build.0 = dbg|x64
		{A541A6A1-5677-4504-8D2D-1FB7F3F85585}.Debug|x86.ActiveCfg = dbg|x64
		{A541A6A1-5677-4504-8D2D-1FB7F3F85585}.Release|Any CPU.ActiveCfg = rtl|x64
		{A541A6A1-5677-4504-8D2D-1FB7F3F85585}.Release|Mixed Platforms.ActiveCfg = rtl|x64
		{A541A6A1-5677-4504-8D2D-1FB7F3F85585}.Release|Mixed Platforms.Build.0 = rtl|x64
		{A541A6A1-5677-4504-8D2D-1FB7F3F85585}.Release|Win32.ActiveCfg = rtl|x64
		{A541A6A1-5677-4504-8D2D-1FB7F3F85585}.Release|x64.ActiveCfg = rtl|x64
		{A541A6A1-5677-4504-8D2D-1FB7F3F85585}.Release|x64.Build.0 = rtl|x64
		{A541A6A1-5677-4504-8D2D-1FB7F3F85585}.Release|x86.ActiveCfg = rtl|x64
		{A541A6A1-5677-4504-8D2D-1FB7F3F85585}.rtl|Any CPU.ActiveCfg = rtl|x64
		{A541A6A1-5677-4504-8D2D-1FB7F3F85585}.rtl|Mixed Platforms.ActiveCfg = rtl|x64
		{A541A6A1-5677-4504-8D2D-1FB7F3F85585}.rtl|Mixed Platforms.Build.0 = rtl|x64
		{A541A6A1-5677-4504-8D2D-1FB7F3F85585}.rtl|Win32.ActiveCfg = rtl|Win32
		{A541A6A1-5677-4504-8D2D-1FB7F3F85585}.rtl|Win32.Build.0 = rtl|Win32
		{A541A6A1-5677-4504-8D2D-1FB7F3F85585}.rtl|x64.ActiveCfg = rtl|x64
		{A541A6A1-5677-4504-8D2D-1FB7F3F85585}.rtl|x64.Build.0 = rtl|x64
		{A541A6A1-5677-4504-8D2D-1FB7F3F85585}.rtl|x86.ActiveCfg = rtl|x64
		{3391699B-1204-4098-8697-2E43800AABE4}.dbg|Any CPU.ActiveCfg = dbg|x64
		{3391699B-1204-4098-8697-2E43800AABE4}.dbg|Mixed Platforms.ActiveCfg = dbg|x64
		{3391699B-1204-4098-8697-2E43800AABE4}.dbg|Mixed Platforms.Build.0 = dbg|x64
		{3391699B-1204-4098-8697-2E43800AABE4}.dbg|Win32.ActiveCfg = dbg|Win32
		{3391699B-1204-4098-8697-2E43800AABE4}.dbg|Win32.Build.0 = dbg|Win32
		{3391699B-1204-4098-8697-2E43800AABE4}.dbg|x64.ActiveCfg = dbg|x64
		{3391699B-1204-4098-8697-2E43800AABE4}.dbg|x64.Build.0 = dbg|x64
		{3391699B-1204-4098-8697-2E43800AABE4}.dbg|x86.ActiveCfg = dbg|Win32
		{3391699B-1204-4098-8697-2E43800AABE4}.dbg|x86.Build.0 = dbg|Win32
		{3391699B-1204-4098-8697-2E43800AABE4}.Debug|Any CPU.ActiveCfg = dbg|x64
		{3391699B-1204-4098-8697-2E43800AABE4}.Debug|Mixed Platforms.ActiveCfg = dbg|x64
		{3391699B-1204-4098-8697-2E43800AABE4}.Debug|Mixed Platforms.Build.0 = dbg|x64
		{3391699B-1204-4098-8697-2E43800AABE4}.Debug|Win32.ActiveCfg = dbg|x64
		{3391699B-1204-4098-8697-2E43800AABE4}.Debug|x64.ActiveCfg = dbg|x64
		{3391699B-1204-4098-8697-2E43800AABE4}.Debug|x64.Build.0 = dbg|x64
		{3391699B-1204-4098-8697-2E43800AABE4}.Debug|x86.ActiveCfg = dbg|x64
		{3391699B-1204-4098-8697-2E43800AABE4}.Release|Any CPU.ActiveCfg = rtl|x64
		{3391699B-1204-4098-8697-2E43800AABE4}.Release|Mixed Platforms.ActiveCfg = rtl|x64
		{3391699B-1204-4098-8697-2E43800AABE4}.Release|Mixed Platforms.Build.0 = rtl|x64
		{3391699B-1204-4098-8697-2E43800AABE4}.Release|Win32.ActiveCfg = rtl|x64
		{3391699B-1204-4098-8697-2E43800AABE4}.Release|x64.ActiveCfg = rtl|x64
		{3391699B-1204-4098-8697-2E43800AABE4}.Release|x64.Build.0 = rtl|x64
		{3391699B-1204-4098-8697-2E43800AABE4}.Release|x86.ActiveCfg = rtl|x64
		{3391699B-1204-4098-8697-2E43800AABE4}.rtl|Any CPU.ActiveCfg = rtl|x64
		{3391699B-1204-4098-8697-2E43800AABE4}.rtl|Mixed Platforms.ActiveCfg = rtl|x64
		{3391699B-1204-4098-8697-2E43800AABE4}.rtl|Mixed Platforms.Build.0 = rtl|x64
		{3391699B-1204-4098-8697-2E43800AABE4}.rtl|Win32.ActiveCfg = rtl|Win32
		{3391699B-1204-4098-8697-2E43800AABE4}.rtl|Win32.Build.0 = rtl|Win32
		{3391699B-1204-4098-8697-2E43800AABE4}.rtl|x64.ActiveCfg = rtl|x64
		{3391699B-1204-4098-8697-2E43800AABE4}.rtl|x64.Build.0 = rtl|x64
		{3391699B-1204-4098-8697-2E43800AABE4}.rtl|x86.ActiveCfg = rtl|x64
		{76F01C7C-953B-4A0F-92D4-F3FBF50C6D71}.dbg|Any CPU.ActiveCfg = dbg|x64
		{76F01C7C-953B-4A0F-92D4-F3FBF50C6D71}.dbg|Mixed Platforms.ActiveCfg = dbg|x64
		{76F01C7C-953B-4A0F-92D4-F3FBF50C6D71}.dbg|Mixed Platforms.Build.0 = dbg|x64
		{76F01C7C-953B-4A0F-92D4-F3FBF50C6D71}.dbg|Win32.ActiveCfg = dbg|Win32
		{76F01C7C-953B-4A0F-92D4-F3FBF50C6D71}.dbg|Win32.Build.0 = dbg|Win32
		{76F01C7C-953B-4A0F-92D4-F3FBF50C6D71}.dbg|x64.ActiveCfg = dbg|x64
		{76F01C7C-953B-4A0F-92D4-F3FBF50C6D71}.dbg|x64.Build.0 = dbg|x64
		{76F01C7C-953B-4A0F-92D4-F3FBF50C6D71}.dbg|x86.ActiveCfg = dbg|x64
		{76F01C7C-953B-4A0F-92D4-F3FBF50C6D71}.Debug|Any CPU.ActiveCfg = dbg|x64
		{76F01C7C-953B-4A0F-92D4-F3FBF50C6D71}.Debug|Mixed Platforms.ActiveCfg = dbg|x64
		{76F01C7C-953B-4A0F-92D4-F3FBF50C6D71}.Debug|Mixed Platforms.Build.0 = dbg|x64
		{76F01C7C-953B-4A0F-92D4-F3FBF50C6D71}.Debug|Win32.ActiveCfg = dbg|x64
		{76F01C7C-953B-4A0F-92D4-F3FBF50C6D71}.Debug|x64.ActiveCfg = dbg|x64
		{76F01C7C-953B-4A0F-92D4-F3FBF50C6D71}.Debug|x64.Build.0 = dbg|x64
		{76F01C7C-953B-4A0F-92D4-F3FBF50C6D71}.Debug|x86.ActiveCfg = dbg|x64
		{76F01C7C-953B-4A0F-92D4-F3FBF50C6D71}.Release|Any CPU.ActiveCfg = rtl|x64
		{76F01C7C-953B-4A0F-92D4-F3FBF50C6D71}.Release|Mixed Platforms.ActiveCfg = rtl|x64
		{76F01C7C-953B-4A0F-92D4-F3FBF50C6D71}.Release|Mixed Platforms.Build.0 = rtl|x64
		{76F01C7C-953B-4A0F-92D4-F3FBF50C6D71}.Release|Win32.ActiveCfg = rtl|x64
		{76F01C7C-953B-4A0F-92D4-F3FBF50C6D71}.Release|x64.ActiveCfg = rtl|x64
		{76F01C7C-953B-4A0F-92D4-F3FBF50C6D71}.Release|x64.Build.0 = rtl|x64
		{76F01C7C-953B-4A0F-92D4-F3FBF50C6D71}.Release|x86.ActiveCfg = rtl|x64
		{76F01C7C-953B-4A0F-92D4-F3FBF50C6D71}.rtl|Any CPU.ActiveCfg = rtl|x64
		{76F01C7C-953B-4A0F-92D4-F3FBF50C6D71}.rtl|Mixed Platforms.ActiveCfg = rtl|x64
		{76F01C7C-953B-4A0F-92D4-F3FBF50C6D71}.rtl|Mixed Platforms.Build.0 = rtl|x64
		{76F01C7C-953B-4A0F-92D4-F3FBF50C6D71}.rtl|Win32.ActiveCfg = rtl|Win32
		{76F01C7C-953B-4A0F-92D4-F3FBF50C6D71}.rtl|Win32.Build.0 = rtl|Win32
		{76F01C7C-953B-4A0F-92D4-F3FBF50C6D71}.rtl|x64.ActiveCfg = rtl|x64
		{76F01C7C-953B-4A0F-92D4-F3FBF50C6D71}.rtl|x64.Build.0 = rtl|x64
		{76F01C7C-953B-4A0F-92D4-F3FBF50C6D71}.rtl|x86.ActiveCfg = rtl|x64
		{B4DED736-0147-48E6-9F01-93F82D91FE82}.dbg|Any CPU.ActiveCfg = dbg|x64
		{B4DED736-0147-48E6-9F01-93F82D91FE82}.dbg|Mixed Platforms.ActiveCfg = dbg|x64
		{B4DED736-0147-48E6-9F01-93F82D91FE82}.dbg|Mixed Platforms.Build.0 = dbg|x64
		{B4DED736-0147-48E6-9F01-93F82D91FE82}.dbg|Win32.ActiveCfg = dbg|Win32
		{B4DED736-0147-48E6-9F01-93F82D91FE82}.dbg|Win32.Build.0 = dbg|Win32
		{B4DED736-0147-48E6-9F01-93F82D91FE82}.dbg|x64.ActiveCfg = dbg|x64
		{B4DED736-0147-48E6-9F01-93F82D91FE82}.dbg|x64.Build.0 = dbg|x64
		{B4DED736-0147-48E6-9F01-93F82D91FE82}.dbg|x86.ActiveCfg = dbg|x64
		{B4DED736-0147-48E6-9F01-93F82D91FE82}.Debug|Any CPU.ActiveCfg = dbg|x64
		{B4DED736-0147-48E6-9F01-93F82D91FE82}.Debug|Mixed Platforms.ActiveCfg = dbg|x64
		{B4DED736-0147-48E6-9F01-93F82D91FE82}.Debug|Mixed Platforms.Build.0 = dbg|x64
		{B4DED736-0147-48E6-9F01-93F82D91FE82}.Debug|Win32.ActiveCfg = dbg|x64
		{B4DED736-0147-48E6-9F01-93F82D91FE82}.Debug|x64.ActiveCfg = dbg|x64
		{B4DED736-0147-48E6-9F01-93F82D91FE82}.Debug|x64.Build.0 = dbg|x64
		{B4DED736-0147-48E6-9F01-93F82D91FE82}.Debug|x86.ActiveCfg = dbg|x64
		{B4DED736-0147-48E6-9F01-93F82D91FE82}.Release|Any CPU.ActiveCfg = rtl|x64
		{B4DED736-0147-48E6-9F01-93F82D91FE82}.Release|Mixed Platforms.ActiveCfg = rtl|x64
		{B4DED736-0147-48E6-9F01-93F82D91FE82}.Release|Mixed Platforms.Build.0 = rtl|x64
		{B4DED736-0147-48E6-9F01-93F82D91FE82}.Release|Win32.ActiveCfg = rtl|x64
		{B4DED736-0147-48E6-9F01-93F82D91FE82}.Release|x64.ActiveCfg = rtl|x64
		{B4DED736-0147-48E6-9F01-93F82D91FE82}.Release|x64.Build.0 = rtl|x64
		{B4DED736-0147-48E6-9F01-93F82D91FE82}.Release|x86.ActiveCfg = rtl|x64
		{B4DED736-0147-48E6-9F01-93F82D91FE82}.rtl|Any CPU.ActiveCfg = rtl|x64
		{B4DED736-0147-48E6-9F01-93F82D91FE82}.rtl|Mixed Platforms.ActiveCfg = rtl|x64
		{B4DED736-0147-48E6-9F01-93F82D91FE82}.rtl|Mixed Platforms.Build.0 = rtl|x64
		{B4DED736-0147-48E6-9F01-93F82D91FE82}.rtl|Win32.ActiveCfg = rtl|Win32
		{B4DED736-0147-48E6-9F01-93F82D91FE82}.rtl|Win32.Build.0 = rtl|Win32
		{B4DED736-0147-48E6-9F01-93F82D91FE82}.rtl|x64.ActiveCfg = rtl|x64
		{B4DED736-0147-48E6-9F01-93F82D91FE82}.rtl|x64.Build.0 = rtl|x64
		{B4DED736-0147-48E6-9F01-93F82D91FE82}.rtl|x86.ActiveCfg = rtl|x64
		{056AA959-0FF5-4123-96F2-DE08D8B5636C}.dbg|Any CPU.ActiveCfg = Debug|Win32
		{056AA959-0FF5-4123-96F2-DE08D8B5636C}.dbg|Mixed Platforms.ActiveCfg = Debug|Win32
		{056AA959-0FF5-4123-96F2-DE08D8B5636C}.dbg|Mixed Platforms.Build.0 = Debug|Win32
		{056AA959-0FF5-4123-96F2-DE08D8B5636C}.dbg|Win32.ActiveCfg = Debug|Win32
		{056AA959-0FF5-4123-96F2-DE08D8B5636C}.dbg|Win32.Build.0 = Debug|Win32
		{056AA959-0FF5-4123-96F2-DE08D8B5636C}.dbg|x64.ActiveCfg = Debug|Win32
		{056AA959-0FF5-4123-96F2-DE08D8B5636C}.dbg|x86.ActiveCfg = Debug|Win32
		{056AA959-0FF5-4123-96F2-DE08D8B5636C}.Debug|Any CPU.ActiveCfg = Debug|Win32
		{056AA959-0FF5-4123-96F2-DE08D8B5636C}.Debug|Mixed Platforms.ActiveCfg = Debug|Win32
		{056AA959-0FF5-4123-96F2-DE08D8B5636C}.Debug|Mixed Platforms.Build.0 = Debug|Win32
		{056AA959-0FF5-4123-96F2-DE08D8B5636C}.Debug|Win32.ActiveCfg = Debug|Win32
		{056AA959-0FF5-4123-96F2-DE08D8B5636C}.Debug|Win32.Build.0 = Debug|Win32
		{056AA959-0FF5-4123-96F2-DE08D8B5636C}.Debug|x64.ActiveCfg = Debug|Win32
		{056AA959-0FF5-4123-96F2-DE08D8B5636C}.Debug|x86.ActiveCfg = Debug|Win32
		{056AA959-0FF5-4123-96F2-DE08D8B5636C}.Release|Any CPU.ActiveCfg = Release|Win32
		{056AA959-0FF5-4123-96F2-DE08D8B5636C}.Release|Mixed Platforms.ActiveCfg = Release|Win32
		{056AA959-0FF5-4123-96F2-DE08D8B5636C}.Release|Mixed Platforms.Build.0 = Release|Win32
		{056AA959-0FF5-4123-96F2-DE08D8B5636C}.Release|Win32.ActiveCfg = Release|Win32
		{056AA959-0FF5-4123-96F2-DE08D8B5636C}.Release|Win32.Build.0 = Release|Win32
		{056AA959-0FF5-4123-96F2-DE08D8B5636C}.Release|x64.ActiveCfg = Release|Win32
		{056AA959-0FF5-4123-96F2-DE08D8B5636C}.Release|x86.ActiveCfg = Release|Win32
		{056AA959-0FF5-4123-96F2-DE08D8B5636C}.rtl|Any CPU.ActiveCfg = Release|Win32
		{056AA959-0FF5-4123-96F2-DE08D8B5636C}.rtl|Mixed Platforms.ActiveCfg = Release|Win32
		{056AA959-0FF5-4123-96F2-DE08D8B5636C}.rtl|Mixed Platforms.Build.0 = Release|Win32
		{056AA959-0FF5-4123-96F2-DE08D8B5636C}.rtl|Win32.ActiveCfg = Release|Win32
		{056AA959-0FF5-4123-96F2-DE08D8B5636C}.rtl|Win32.Build.0 = Release|Win32
		{056AA959-0FF5-4123-96F2-DE08D8B5636C}.rtl|x64.ActiveCfg = Release|Win32
		{056AA959-0FF5-4123-96F2-DE08D8B5636C}.rtl|x86.ActiveCfg = Release|Win32
		{00B36F9B-D3C0-428C-8DBA-837E4D424E66}.dbg|Any CPU.ActiveCfg = Debug|Win32
		{00B36F9B-D3C0-428C-8DBA-837E4D424E66}.dbg|Mixed Platforms.ActiveCfg = Debug|Win32
		{00B36F9B-D3C0-428C-8DBA-837E4D424E66}.dbg|Mixed Platforms.Build.0 = Debug|Win32
		{00B36F9B-D3C0-428C-8DBA-837E4D424E66}.dbg|Win32.ActiveCfg = Debug|Win32
		{00B36F9B-D3C0-428C-8DBA-837E4D424E66}.dbg|Win32.Build.0 = Debug|Win32
		{00B36F9B-D3C0-428C-8DBA-837E4D424E66}.dbg|x64.ActiveCfg = Debug|Win32
		{00B36F9B-D3C0-428C-8DBA-837E4D424E66}.dbg|x86.ActiveCfg = Debug|Win32
		{00B36F9B-D3C0-428C-8DBA-837E4D424E66}.Debug|Any CPU.ActiveCfg = Debug|Win32
		{00B36F9B-D3C0-428C-8DBA-837E4D424E66}.Debug|Mixed Platforms.ActiveCfg = Debug|Win32
		{00B36F9B-D3C0-428C-8DBA-837E4D424E66}.Debug|Mixed Platforms.Build.0 = Debug|Win32
		{00B36F9B-D3C0-428C-8DBA-837E4D424E66}.Debug|Win32.ActiveCfg = Debug|Win32
		{00B36F9B-D3C0-428C-8DBA-837E4D424E66}.Debug|Win32.Build.0 = Debug|Win32
		{00B36F9B-D3C0-428C-8DBA-837E4D424E66}.Debug|x64.ActiveCfg = Debug|Win32
		{00B36F9B-D3C0-428C-8DBA-837E4D424E66}.Debug|x86.ActiveCfg = Debug|Win32
		{00B36F9B-D3C0-428C-8DBA-837E4D424E66}.Release|Any CPU.ActiveCfg = Release|Win32
		{00B36F9B-D3C0-428C-8DBA-837E4D424E66}.Release|Mixed Platforms.ActiveCfg = Release|Win32
		{00B36F9B-D3C0-428C-8DBA-837E4D424E66}.Release|Mixed Platforms.Build.0 = Release|Win32
		{00B36F9B-D3C0-428C-8DBA-837E4D424E66}.Release|Win32.ActiveCfg = Release|Win32
		{00B36F9B-D3C0-428C-8DBA-837E4D424E66}.Release|Win32.Build.0 = Release|Win32
		{00B36F9B-D3C0-428C-8DBA-837E4D424E66}.Release|x64.ActiveCfg = Release|Win32
		{00B36F9B-D3C0-428C-8DBA-837E4D424E66}.Release|x86.ActiveCfg = Release|Win32
		{00B36F9B-D3C0-428C-8DBA-837E4D424E66}.rtl|Any CPU.ActiveCfg = Release|Win32
		{00B36F9B-D3C0-428C-8DBA-837E4D424E66}.rtl|Mixed Platforms.ActiveCfg = Release|Win32
		{00B36F9B-D3C0-428C-8DBA-837E4D424E66}.rtl|Mixed Platforms.Build.0 = Release|Win32
		{00B36F9B-D3C0-428C-8DBA-837E4D424E66}.rtl|Win32.ActiveCfg = Release|Win32
		{00B36F9B-D3C0-428C-8DBA-837E4D424E66}.rtl|Win32.Build.0 = Release|Win32
		{00B36F9B-D3C0-428C-8DBA-837E4D424E66}.rtl|x64.ActiveCfg = Release|Win32
		{00B36F9B-D3C0-428C-8DBA-837E4D424E66}.rtl|x86.ActiveCfg = Release|Win32
		{6298EDAB-74DC-4A9D-B95D-0D1223861629}.dbg|Any CPU.ActiveCfg = Debug|Win32
		{6298EDAB-74DC-4A9D-B95D-0D1223861629}.dbg|Mixed Platforms.ActiveCfg = Debug|Win32
		{6298EDAB-74DC-4A9D-B95D-0D1223861629}.dbg|Win32.ActiveCfg = Debug|Win32
		{6298EDAB-74DC-4A9D-B95D-0D1223861629}.dbg|x64.ActiveCfg = Debug|Win32
		{6298EDAB-74DC-4A9D-B95D-0D1223861629}.dbg|x86.ActiveCfg = Debug|Win32
		{6298EDAB-74DC-4A9D-B95D-0D1223861629}.Debug|Any CPU.ActiveCfg = Debug|Win32
		{6298EDAB-74DC-4A9D-B95D-0D1223861629}.Debug|Mixed Platforms.ActiveCfg = Debug|Win32
		{6298EDAB-74DC-4A9D-B95D-0D1223861629}.Debug|Win32.ActiveCfg = Debug|Win32
		{6298EDAB-74DC-4A9D-B95D-0D1223861629}.Debug|x64.ActiveCfg = Debug|Win32
		{6298EDAB-74DC-4A9D-B95D-0D1223861629}.Debug|x86.ActiveCfg = Debug|Win32
		{6298EDAB-74DC-4A9D-B95D-0D1223861629}.Release|Any CPU.ActiveCfg = Release|Win32
		{6298EDAB-74DC-4A9D-B95D-0D1223861629}.Release|Mixed Platforms.ActiveCfg = Release|Win32
		{6298EDAB-74DC-4A9D-B95D-0D1223861629}.Release|Win32.ActiveCfg = Release|Win32
		{6298EDAB-74DC-4A9D-B95D-0D1223861629}.Release|x64.ActiveCfg = Release|Win32
		{6298EDAB-74DC-4A9D-B95D-0D1223861629}.Release|x86.ActiveCfg = Release|Win32
		{6298EDAB-74DC-4A9D-B95D-0D1223861629}.rtl|Any CPU.ActiveCfg = Release|Win32
		{6298EDAB-74DC-4A9D-B95D-0D1223861629}.rtl|Mixed Platforms.ActiveCfg = Release|Win32
		{6298EDAB-74DC-4A9D-B95D-0D1223861629}.rtl|Win32.ActiveCfg = Release|Win32
		{6298EDAB-74DC-4A9D-B95D-0D1223861629}.rtl|x64.ActiveCfg = Release|Win32
		{6298EDAB-74DC-4A9D-B95D-0D1223861629}.rtl|x86.ActiveCfg = Release|Win32
		{1E39345E-E550-4530-ABF8-4DAE702D4FFA}.dbg|Any CPU.ActiveCfg = Debug|Any CPU
		{1E39345E-E550-4530-ABF8-4DAE702D4FFA}.dbg|Any CPU.Build.0 = Debug|Any CPU
		{1E39345E-E550-4530-ABF8-4DAE702D4FFA}.dbg|Mixed Platforms.ActiveCfg = Debug|Any CPU
		{1E39345E-E550-4530-ABF8-4DAE702D4FFA}.dbg|Mixed Platforms.Build.0 = Debug|Any CPU
		{1E39345E-E550-4530-ABF8-4DAE702D4FFA}.dbg|Win32.ActiveCfg = Debug|Any CPU
		{1E39345E-E550-4530-ABF8-4DAE702D4FFA}.dbg|x64.ActiveCfg = Debug|Any CPU
		{1E39345E-E550-4530-ABF8-4DAE702D4FFA}.dbg|x86.ActiveCfg = Debug|Any CPU
		{1E39345E-E550-4530-ABF8-4DAE702D4FFA}.Debug|Any CPU.ActiveCfg = Debug|Any CPU
		{1E39345E-E550-4530-ABF8-4DAE702D4FFA}.Debug|Any CPU.Build.0 = Debug|Any CPU
		{1E39345E-E550-4530-ABF8-4DAE702D4FFA}.Debug|Mixed Platforms.ActiveCfg = Debug|Any CPU
		{1E39345E-E550-4530-ABF8-4DAE702D4FFA}.Debug|Mixed Platforms.Build.0 = Debug|Any CPU
		{1E39345E-E550-4530-ABF8-4DAE702D4FFA}.Debug|Win32.ActiveCfg = Debug|Any CPU
		{1E39345E-E550-4530-ABF8-4DAE702D4FFA}.Debug|x64.ActiveCfg = Debug|Any CPU
		{1E39345E-E550-4530-ABF8-4DAE702D4FFA}.Debug|x86.ActiveCfg = Debug|Any CPU
		{1E39345E-E550-4530-ABF8-4DAE702D4FFA}.Release|Any CPU.ActiveCfg = Release|Any CPU
		{1E39345E-E550-4530-ABF8-4DAE702D4FFA}.Release|Any CPU.Build.0 = Release|Any CPU
		{1E39345E-E550-4530-ABF8-4DAE702D4FFA}.Release|Mixed Platforms.ActiveCfg = Release|Any CPU
		{1E39345E-E550-4530-ABF8-4DAE702D4FFA}.Release|Mixed Platforms.Build.0 = Release|Any CPU
		{1E39345E-E550-4530-ABF8-4DAE702D4FFA}.Release|Win32.ActiveCfg = Release|Any CPU
		{1E39345E-E550-4530-ABF8-4DAE702D4FFA}.Release|x64.ActiveCfg = Release|Any CPU
		{1E39345E-E550-4530-ABF8-4DAE702D4FFA}.Release|x86.ActiveCfg = Release|Any CPU
		{1E39345E-E550-4530-ABF8-4DAE702D4FFA}.rtl|Any CPU.ActiveCfg = Release|Any CPU
		{1E39345E-E550-4530-ABF8-4DAE702D4FFA}.rtl|Any CPU.Build.0 = Release|Any CPU
		{1E39345E-E550-4530-ABF8-4DAE702D4FFA}.rtl|Mixed Platforms.ActiveCfg = Release|Any CPU
		{1E39345E-E550-4530-ABF8-4DAE702D4FFA}.rtl|Mixed Platforms.Build.0 = Release|Any CPU
		{1E39345E-E550-4530-ABF8-4DAE702D4FFA}.rtl|Win32.ActiveCfg = Release|Any CPU
		{1E39345E-E550-4530-ABF8-4DAE702D4FFA}.rtl|x64.ActiveCfg = Release|Any CPU
		{1E39345E-E550-4530-ABF8-4DAE702D4FFA}.rtl|x86.ActiveCfg = Release|Any CPU
		{DEBF5F38-2B24-4958-9895-A201E3C133BC}.dbg|Any CPU.ActiveCfg = Debug|x86
		{DEBF5F38-2B24-4958-9895-A201E3C133BC}.dbg|Mixed Platforms.ActiveCfg = Debug|x86
		{DEBF5F38-2B24-4958-9895-A201E3C133BC}.dbg|Mixed Platforms.Build.0 = Debug|x86
		{DEBF5F38-2B24-4958-9895-A201E3C133BC}.dbg|Win32.ActiveCfg = Debug|x86
		{DEBF5F38-2B24-4958-9895-A201E3C133BC}.dbg|x64.ActiveCfg = Debug|x86
		{DEBF5F38-2B24-4958-9895-A201E3C133BC}.dbg|x86.ActiveCfg = Debug|x86
		{DEBF5F38-2B24-4958-9895-A201E3C133BC}.dbg|x86.Build.0 = Debug|x86
		{DEBF5F38-2B24-4958-9895-A201E3C133BC}.Debug|Any CPU.ActiveCfg = Debug|x86
		{DEBF5F38-2B24-4958-9895-A201E3C133BC}.Debug|Mixed Platforms.ActiveCfg = Debug|x86
		{DEBF5F38-2B24-4958-9895-A201E3C133BC}.Debug|Mixed Platforms.Build.0 = Debug|x86
		{DEBF5F38-2B24-4958-9895-A201E3C133BC}.Debug|Win32.ActiveCfg = Debug|x86
		{DEBF5F38-2B24-4958-9895-A201E3C133BC}.Debug|x64.ActiveCfg = Debug|x86
		{DEBF5F38-2B24-4958-9895-A201E3C133BC}.Debug|x86.ActiveCfg = Debug|x86
		{DEBF5F38-2B24-4958-9895-A201E3C133BC}.Debug|x86.Build.0 = Debug|x86
		{DEBF5F38-2B24-4958-9895-A201E3C133BC}.Release|Any CPU.ActiveCfg = Release|x86
		{DEBF5F38-2B24-4958-9895-A201E3C133BC}.Release|Mixed Platforms.ActiveCfg = Release|x86
		{DEBF5F38-2B24-4958-9895-A201E3C133BC}.Release|Mixed Platforms.Build.0 = Release|x86
		{DEBF5F38-2B24-4958-9895-A201E3C133BC}.Release|Win32.ActiveCfg = Release|x86
		{DEBF5F38-2B24-4958-9895-A201E3C133BC}.Release|x64.ActiveCfg = Release|x86
		{DEBF5F38-2B24-4958-9895-A201E3C133BC}.Release|x86.ActiveCfg = Release|x86
		{DEBF5F38-2B24-4958-9895-A201E3C133BC}.Release|x86.Build.0 = Release|x86
		{DEBF5F38-2B24-4958-9895-A201E3C133BC}.rtl|Any CPU.ActiveCfg = Release|x86
		{DEBF5F38-2B24-4958-9895-A201E3C133BC}.rtl|Mixed Platforms.ActiveCfg = Release|x86
		{DEBF5F38-2B24-4958-9895-A201E3C133BC}.rtl|Mixed Platforms.Build.0 = Release|x86
		{DEBF5F38-2B24-4958-9895-A201E3C133BC}.rtl|Win32.ActiveCfg = Release|x86
		{DEBF5F38-2B24-4958-9895-A201E3C133BC}.rtl|x64.ActiveCfg = Release|x86
		{DEBF5F38-2B24-4958-9895-A201E3C133BC}.rtl|x86.ActiveCfg = Release|x86
		{DEBF5F38-2B24-4958-9895-A201E3C133BC}.rtl|x86.Build.0 = Release|x86
	EndGlobalSection
	GlobalSection(SolutionProperties) = preSolution
		HideSolutionNode = FALSE
	EndGlobalSection
EndGlobal
