Microsoft Visual Studio Solution File, Format Version 11.00
# Visual Studio 2010
Project("{FAE04EC0-301F-11D3-BF4B-00C04F79EFBC}") = "ZimbraMigration", "src\c\ZimbraMigration\ZimbraMigration.csproj", "{39B1DC79-CA1E-4595-94A1-BE5CF4203CF3}"
	ProjectSection(ProjectDependencies) = postProject
		{72F90E77-CF7F-40A5-884C-1E7B1D9A9AAC} = {72F90E77-CF7F-40A5-884C-1E7B1D9A9AAC}
	EndProjectSection
EndProject
Project("{FAE04EC0-301F-11D3-BF4B-00C04F79EFBC}") = "ZimbraMigrationXBAP", "src\c\ZimbraMigrationXBAP\ZimbraMigrationXBAP.csproj", "{7DAD7C85-C622-4FA4-8E78-87CC470A7E7C}"
	ProjectSection(ProjectDependencies) = postProject
		{72F90E77-CF7F-40A5-884C-1E7B1D9A9AAC} = {72F90E77-CF7F-40A5-884C-1E7B1D9A9AAC}
	EndProjectSection
EndProject
Project("{FAE04EC0-301F-11D3-BF4B-00C04F79EFBC}") = "MVVM", "src\c\MVVM\MVVM.csproj", "{72F90E77-CF7F-40A5-884C-1E7B1D9A9AAC}"
	ProjectSection(ProjectDependencies) = postProject
		{F2DD9C29-0CC4-4CF9-8BE0-43E26825975B} = {F2DD9C29-0CC4-4CF9-8BE0-43E26825975B}
		{76F01C7C-953B-4A0F-92D4-F3FBF50C6D71} = {76F01C7C-953B-4A0F-92D4-F3FBF50C6D71}
	EndProjectSection
EndProject
Project("{FAE04EC0-301F-11D3-BF4B-00C04F79EFBC}") = "Misc", "src\c\Misc\Misc.csproj", "{F2DD9C29-0CC4-4CF9-8BE0-43E26825975B}"
EndProject
Project("{8BC9CEB8-8B4A-11D0-8D11-00A0C91BC942}") = "CppLib", "src\c\CppLib\CppLib.vcxproj", "{40AC2429-0A84-4E10-8011-439412E5A566}"
	ProjectSection(ProjectDependencies) = postProject
		{F2DD9C29-0CC4-4CF9-8BE0-43E26825975B} = {F2DD9C29-0CC4-4CF9-8BE0-43E26825975B}
		{AD950B89-E346-4095-98BE-E91944C716AD} = {AD950B89-E346-4095-98BE-E91944C716AD}
		{3391699B-1204-4098-8697-2E43800AABE4} = {3391699B-1204-4098-8697-2E43800AABE4}
		{A541A6A1-5677-4504-8D2D-1FB7F3F85585} = {A541A6A1-5677-4504-8D2D-1FB7F3F85585}
	EndProjectSection
EndProject
Project("{8BC9CEB8-8B4A-11D0-8D11-00A0C91BC942}") = "PSTMigration", "src\c\PSTMigration\PSTMigration.vcxproj", "{B4DEC736-0347-42E6-9F01-9AF82891FE82}"
	ProjectSection(ProjectDependencies) = postProject
		{76F01C7C-953B-4A0F-92D4-F3FBF50C6D71} = {76F01C7C-953B-4A0F-92D4-F3FBF50C6D71}
		{A541A6A1-5677-4504-8D2D-1FB7F3F85585} = {A541A6A1-5677-4504-8D2D-1FB7F3F85585}
	EndProjectSection
EndProject
Project("{8BC9CEB8-8B4A-11D0-8D11-00A0C91BC942}") = "Util", "..\ZimbraMAPI\vcproj\Util.vcxproj", "{AD950B89-E346-4095-98BE-E91944C716AD}"
EndProject
Project("{8BC9CEB8-8B4A-11D0-8D11-00A0C91BC942}") = "ZimbraMime", "..\ZimbraMAPI\vcproj\ZimbraMime.vcxproj", "{A541A6A1-5677-4504-8D2D-1FB7F3F85585}"
EndProject
Project("{8BC9CEB8-8B4A-11D0-8D11-00A0C91BC942}") = "Zimbra", "..\ZimbraMAPI\vcproj\ZimbraRpc.vcxproj", "{3391699B-1204-4098-8697-2E43800AABE4}"
EndProject
Project("{8BC9CEB8-8B4A-11D0-8D11-00A0C91BC942}") = "Exchange", "src\c\Exchange\Exchange.vcxproj", "{76F01C7C-953B-4A0F-92D4-F3FBF50C6D71}"
	ProjectSection(ProjectDependencies) = postProject
		{40AC2429-0A84-4E10-8011-439412E5A566} = {40AC2429-0A84-4E10-8011-439412E5A566}
		{AD950B89-E346-4095-98BE-E91944C716AD} = {AD950B89-E346-4095-98BE-E91944C716AD}
		{3391699B-1204-4098-8697-2E43800AABE4} = {3391699B-1204-4098-8697-2E43800AABE4}
		{A541A6A1-5677-4504-8D2D-1FB7F3F85585} = {A541A6A1-5677-4504-8D2D-1FB7F3F85585}
	EndProjectSection
EndProject
Project("{FAE04EC0-301F-11D3-BF4B-00C04F79EFBC}") = "CssLib", "src\c\CssLib\CssLib.csproj", "{1E39345E-E550-4530-ABF8-4DAE702D4FFA}"
	ProjectSection(ProjectDependencies) = postProject
		{76F01C7C-953B-4A0F-92D4-F3FBF50C6D71} = {76F01C7C-953B-4A0F-92D4-F3FBF50C6D71}
	EndProjectSection
EndProject
Project("{FAE04EC0-301F-11D3-BF4B-00C04F79EFBC}") = "ZimbraMigrationConsole", "src\c\ZimbraMigrationConsole\ZimbraMigrationConsole.csproj", "{DEBF5F38-2B24-4958-9895-A201E3C133BC}"
EndProject
Project("{FAE04EC0-301F-11D3-BF4B-00C04F79EFBC}") = "GroupWise", "src\c\GroupWise\GroupWise.csproj", "{1E39385E-ED50-4230-CBF8-49AE7E224FFA}"
EndProject
Global
	GlobalSection(SourceCodeControl) = preSolution
		SccNumberOfProjects = 14
		SccProjectUniqueName0 = src\\c\\PSTMigration\\PSTMigration.vcxproj
		SccLocalPath0 = .
		SccProjectFilePathRelativizedFromConnection0 = src\\c\\PSTMigration\\
		SccProjectUniqueName1 = ..\\ZimbraMAPI\\vcproj\\Util.vcxproj
		SccLocalPath1 = ..\\ZimbraMAPI
		SccProjectFilePathRelativizedFromConnection1 = vcproj\\
		SccProjectUniqueName2 = ..\\ZimbraMAPI\\vcproj\\ZimbraMime.vcxproj
		SccLocalPath2 = ..\\ZimbraMAPI
		SccProjectFilePathRelativizedFromConnection2 = vcproj\\
		SccProjectUniqueName3 = ..\\ZimbraMAPI\\vcproj\\ZimbraRpc.vcxproj
		SccLocalPath3 = ..\\ZimbraMAPI
		SccProjectFilePathRelativizedFromConnection3 = vcproj\\
		SccLocalPath4 = .
		SccProjectUniqueName5 = src\\c\\ZimbraMigration\\ZimbraMigration.csproj
		SccLocalPath5 = src\\c\\ZimbraMigration
		SccProjectUniqueName6 = src\\c\\ZimbraMigrationXBAP\\ZimbraMigrationXBAP.csproj
		SccLocalPath6 = src\\c\\ZimbraMigrationXBAP
		SccProjectUniqueName7 = src\\c\\MVVM\\MVVM.csproj
		SccLocalPath7 = src\\c\\MVVM
		SccProjectUniqueName8 = src\\c\\Misc\\Misc.csproj
		SccLocalPath8 = src\\c\\Misc
		SccProjectUniqueName9 = src\\c\\CppLib\\CppLib.vcxproj
		SccLocalPath9 = src\\c\\CppLib
		SccProjectUniqueName10 = src\\c\\Exchange\\Exchange.vcxproj
		SccLocalPath10 = .
		SccProjectFilePathRelativizedFromConnection10 = src\\c\\Exchange\\
		SccProjectUniqueName11 = src\\c\\CssLib\\CssLib.csproj
		SccLocalPath11 = src\\c\\CssLib
		SccProjectUniqueName12 = src\\c\\ZimbraMigrationConsole\\ZimbraMigrationConsole.csproj
		SccLocalPath12 = src\\c\\ZimbraMigrationConsole
		SccProjectUniqueName13 = src\\c\\GroupWise\\GroupWise.csproj
		SccLocalPath13 = src\\c\\GroupWise
	EndGlobalSection
	GlobalSection(SolutionConfigurationPlatforms) = preSolution
		dbg|Win32 = dbg|Win32
		dbg|x64 = dbg|x64
		rtl|Win32 = rtl|Win32
		rtl|x64 = rtl|x64
		tst|Win32 = tst|Win32
		tst|x64 = tst|x64
	EndGlobalSection
	GlobalSection(ProjectConfigurationPlatforms) = postSolution
		{39B1DC79-CA1E-4595-94A1-BE5CF4203CF3}.dbg|Win32.ActiveCfg = dbg|Win32
		{39B1DC79-CA1E-4595-94A1-BE5CF4203CF3}.dbg|Win32.Build.0 = dbg|Win32
		{39B1DC79-CA1E-4595-94A1-BE5CF4203CF3}.dbg|x64.ActiveCfg = dbg|x64
		{39B1DC79-CA1E-4595-94A1-BE5CF4203CF3}.dbg|x64.Build.0 = dbg|x64
		{39B1DC79-CA1E-4595-94A1-BE5CF4203CF3}.rtl|Win32.ActiveCfg = rtl|Win32
		{39B1DC79-CA1E-4595-94A1-BE5CF4203CF3}.rtl|Win32.Build.0 = rtl|Win32
		{39B1DC79-CA1E-4595-94A1-BE5CF4203CF3}.rtl|x64.ActiveCfg = rtl|x64
		{39B1DC79-CA1E-4595-94A1-BE5CF4203CF3}.rtl|x64.Build.0 = rtl|x64
		{39B1DC79-CA1E-4595-94A1-BE5CF4203CF3}.tst|Win32.ActiveCfg = tst|Win32
		{39B1DC79-CA1E-4595-94A1-BE5CF4203CF3}.tst|Win32.Build.0 = tst|Win32
		{39B1DC79-CA1E-4595-94A1-BE5CF4203CF3}.tst|x64.ActiveCfg = tst|x64
		{39B1DC79-CA1E-4595-94A1-BE5CF4203CF3}.tst|x64.Build.0 = tst|x64
		{7DAD7C85-C622-4FA4-8E78-87CC470A7E7C}.dbg|Win32.ActiveCfg = dbg|Win32
		{7DAD7C85-C622-4FA4-8E78-87CC470A7E7C}.dbg|Win32.Build.0 = dbg|Win32
		{7DAD7C85-C622-4FA4-8E78-87CC470A7E7C}.dbg|x64.ActiveCfg = dbg|x64
		{7DAD7C85-C622-4FA4-8E78-87CC470A7E7C}.dbg|x64.Build.0 = dbg|x64
		{7DAD7C85-C622-4FA4-8E78-87CC470A7E7C}.rtl|Win32.ActiveCfg = rtl|Win32
		{7DAD7C85-C622-4FA4-8E78-87CC470A7E7C}.rtl|Win32.Build.0 = rtl|Win32
		{7DAD7C85-C622-4FA4-8E78-87CC470A7E7C}.rtl|x64.ActiveCfg = rtl|x64
		{7DAD7C85-C622-4FA4-8E78-87CC470A7E7C}.rtl|x64.Build.0 = rtl|x64
		{7DAD7C85-C622-4FA4-8E78-87CC470A7E7C}.tst|Win32.ActiveCfg = tst|Win32
		{7DAD7C85-C622-4FA4-8E78-87CC470A7E7C}.tst|Win32.Build.0 = tst|Win32
		{7DAD7C85-C622-4FA4-8E78-87CC470A7E7C}.tst|x64.ActiveCfg = tst|x64
		{7DAD7C85-C622-4FA4-8E78-87CC470A7E7C}.tst|x64.Build.0 = tst|x64
		{72F90E77-CF7F-40A5-884C-1E7B1D9A9AAC}.dbg|Win32.ActiveCfg = dbg|Win32
		{72F90E77-CF7F-40A5-884C-1E7B1D9A9AAC}.dbg|Win32.Build.0 = dbg|Win32
		{72F90E77-CF7F-40A5-884C-1E7B1D9A9AAC}.dbg|x64.ActiveCfg = dbg|x64
		{72F90E77-CF7F-40A5-884C-1E7B1D9A9AAC}.dbg|x64.Build.0 = dbg|x64
		{72F90E77-CF7F-40A5-884C-1E7B1D9A9AAC}.rtl|Win32.ActiveCfg = rtl|Win32
		{72F90E77-CF7F-40A5-884C-1E7B1D9A9AAC}.rtl|Win32.Build.0 = rtl|Win32
		{72F90E77-CF7F-40A5-884C-1E7B1D9A9AAC}.rtl|x64.ActiveCfg = rtl|x64
		{72F90E77-CF7F-40A5-884C-1E7B1D9A9AAC}.rtl|x64.Build.0 = rtl|x64
		{72F90E77-CF7F-40A5-884C-1E7B1D9A9AAC}.tst|Win32.ActiveCfg = tst|Win32
		{72F90E77-CF7F-40A5-884C-1E7B1D9A9AAC}.tst|Win32.Build.0 = tst|Win32
		{72F90E77-CF7F-40A5-884C-1E7B1D9A9AAC}.tst|x64.ActiveCfg = tst|x64
		{72F90E77-CF7F-40A5-884C-1E7B1D9A9AAC}.tst|x64.Build.0 = tst|x64
		{F2DD9C29-0CC4-4CF9-8BE0-43E26825975B}.dbg|Win32.ActiveCfg = dbg|Win32
		{F2DD9C29-0CC4-4CF9-8BE0-43E26825975B}.dbg|Win32.Build.0 = dbg|Win32
		{F2DD9C29-0CC4-4CF9-8BE0-43E26825975B}.dbg|x64.ActiveCfg = dbg|x64
		{F2DD9C29-0CC4-4CF9-8BE0-43E26825975B}.dbg|x64.Build.0 = dbg|x64
		{F2DD9C29-0CC4-4CF9-8BE0-43E26825975B}.rtl|Win32.ActiveCfg = rtl|Win32
		{F2DD9C29-0CC4-4CF9-8BE0-43E26825975B}.rtl|Win32.Build.0 = rtl|Win32
		{F2DD9C29-0CC4-4CF9-8BE0-43E26825975B}.rtl|x64.ActiveCfg = rtl|x64
		{F2DD9C29-0CC4-4CF9-8BE0-43E26825975B}.rtl|x64.Build.0 = rtl|x64
		{F2DD9C29-0CC4-4CF9-8BE0-43E26825975B}.tst|Win32.ActiveCfg = tst|Win32
		{F2DD9C29-0CC4-4CF9-8BE0-43E26825975B}.tst|Win32.Build.0 = tst|Win32
		{F2DD9C29-0CC4-4CF9-8BE0-43E26825975B}.tst|x64.ActiveCfg = tst|x64
		{F2DD9C29-0CC4-4CF9-8BE0-43E26825975B}.tst|x64.Build.0 = tst|x64
		{40AC2429-0A84-4E10-8011-439412E5A566}.dbg|Win32.ActiveCfg = dbg|Win32
		{40AC2429-0A84-4E10-8011-439412E5A566}.dbg|Win32.Build.0 = dbg|Win32
		{40AC2429-0A84-4E10-8011-439412E5A566}.dbg|x64.ActiveCfg = dbg|x64
		{40AC2429-0A84-4E10-8011-439412E5A566}.dbg|x64.Build.0 = dbg|x64
		{40AC2429-0A84-4E10-8011-439412E5A566}.rtl|Win32.ActiveCfg = rtl|Win32
		{40AC2429-0A84-4E10-8011-439412E5A566}.rtl|Win32.Build.0 = rtl|Win32
		{40AC2429-0A84-4E10-8011-439412E5A566}.rtl|x64.ActiveCfg = rtl|x64
		{40AC2429-0A84-4E10-8011-439412E5A566}.rtl|x64.Build.0 = rtl|x64
		{40AC2429-0A84-4E10-8011-439412E5A566}.tst|Win32.ActiveCfg = tst|Win32
		{40AC2429-0A84-4E10-8011-439412E5A566}.tst|Win32.Build.0 = tst|Win32
		{40AC2429-0A84-4E10-8011-439412E5A566}.tst|x64.ActiveCfg = tst|x64
		{40AC2429-0A84-4E10-8011-439412E5A566}.tst|x64.Build.0 = tst|x64
		{B4DEC736-0347-42E6-9F01-9AF82891FE82}.dbg|Win32.ActiveCfg = dbg|Win32
		{B4DEC736-0347-42E6-9F01-9AF82891FE82}.dbg|Win32.Build.0 = dbg|Win32
		{B4DEC736-0347-42E6-9F01-9AF82891FE82}.dbg|x64.ActiveCfg = dbg|x64
		{B4DEC736-0347-42E6-9F01-9AF82891FE82}.dbg|x64.Build.0 = dbg|x64
		{B4DEC736-0347-42E6-9F01-9AF82891FE82}.rtl|Win32.ActiveCfg = rtl|Win32
		{B4DEC736-0347-42E6-9F01-9AF82891FE82}.rtl|Win32.Build.0 = rtl|Win32
		{B4DEC736-0347-42E6-9F01-9AF82891FE82}.rtl|x64.ActiveCfg = rtl|x64
		{B4DEC736-0347-42E6-9F01-9AF82891FE82}.rtl|x64.Build.0 = rtl|x64
		{B4DEC736-0347-42E6-9F01-9AF82891FE82}.tst|Win32.ActiveCfg = tst|Win32
		{B4DEC736-0347-42E6-9F01-9AF82891FE82}.tst|Win32.Build.0 = tst|Win32
		{B4DEC736-0347-42E6-9F01-9AF82891FE82}.tst|x64.ActiveCfg = tst|x64
		{B4DEC736-0347-42E6-9F01-9AF82891FE82}.tst|x64.Build.0 = tst|x64
		{AD950B89-E346-4095-98BE-E91944C716AD}.dbg|Win32.ActiveCfg = dbg|Win32
		{AD950B89-E346-4095-98BE-E91944C716AD}.dbg|Win32.Build.0 = dbg|Win32
		{AD950B89-E346-4095-98BE-E91944C716AD}.dbg|x64.ActiveCfg = dbg|x64
		{AD950B89-E346-4095-98BE-E91944C716AD}.dbg|x64.Build.0 = dbg|x64
		{AD950B89-E346-4095-98BE-E91944C716AD}.rtl|Win32.ActiveCfg = rtl|Win32
		{AD950B89-E346-4095-98BE-E91944C716AD}.rtl|Win32.Build.0 = rtl|Win32
		{AD950B89-E346-4095-98BE-E91944C716AD}.rtl|x64.ActiveCfg = rtl|x64
		{AD950B89-E346-4095-98BE-E91944C716AD}.rtl|x64.Build.0 = rtl|x64
		{AD950B89-E346-4095-98BE-E91944C716AD}.tst|Win32.ActiveCfg = tst|Win32
		{AD950B89-E346-4095-98BE-E91944C716AD}.tst|Win32.Build.0 = tst|Win32
		{AD950B89-E346-4095-98BE-E91944C716AD}.tst|x64.ActiveCfg = tst|x64
		{AD950B89-E346-4095-98BE-E91944C716AD}.tst|x64.Build.0 = tst|x64
		{A541A6A1-5677-4504-8D2D-1FB7F3F85585}.dbg|Win32.ActiveCfg = dbg|Win32
		{A541A6A1-5677-4504-8D2D-1FB7F3F85585}.dbg|Win32.Build.0 = dbg|Win32
		{A541A6A1-5677-4504-8D2D-1FB7F3F85585}.dbg|x64.ActiveCfg = dbg|x64
		{A541A6A1-5677-4504-8D2D-1FB7F3F85585}.dbg|x64.Build.0 = dbg|x64
		{A541A6A1-5677-4504-8D2D-1FB7F3F85585}.rtl|Win32.ActiveCfg = rtl|Win32
		{A541A6A1-5677-4504-8D2D-1FB7F3F85585}.rtl|Win32.Build.0 = rtl|Win32
		{A541A6A1-5677-4504-8D2D-1FB7F3F85585}.rtl|x64.ActiveCfg = rtl|x64
		{A541A6A1-5677-4504-8D2D-1FB7F3F85585}.rtl|x64.Build.0 = rtl|x64
		{A541A6A1-5677-4504-8D2D-1FB7F3F85585}.tst|Win32.ActiveCfg = tst|Win32
		{A541A6A1-5677-4504-8D2D-1FB7F3F85585}.tst|Win32.Build.0 = tst|Win32
		{A541A6A1-5677-4504-8D2D-1FB7F3F85585}.tst|x64.ActiveCfg = tst|x64
		{A541A6A1-5677-4504-8D2D-1FB7F3F85585}.tst|x64.Build.0 = tst|x64
		{3391699B-1204-4098-8697-2E43800AABE4}.dbg|Win32.ActiveCfg = dbg|Win32
		{3391699B-1204-4098-8697-2E43800AABE4}.dbg|Win32.Build.0 = dbg|Win32
		{3391699B-1204-4098-8697-2E43800AABE4}.dbg|x64.ActiveCfg = dbg|x64
		{3391699B-1204-4098-8697-2E43800AABE4}.dbg|x64.Build.0 = dbg|x64
		{3391699B-1204-4098-8697-2E43800AABE4}.rtl|Win32.ActiveCfg = rtl|Win32
		{3391699B-1204-4098-8697-2E43800AABE4}.rtl|Win32.Build.0 = rtl|Win32
		{3391699B-1204-4098-8697-2E43800AABE4}.rtl|x64.ActiveCfg = rtl|x64
		{3391699B-1204-4098-8697-2E43800AABE4}.rtl|x64.Build.0 = rtl|x64
		{3391699B-1204-4098-8697-2E43800AABE4}.tst|Win32.ActiveCfg = tst|Win32
		{3391699B-1204-4098-8697-2E43800AABE4}.tst|Win32.Build.0 = tst|Win32
		{3391699B-1204-4098-8697-2E43800AABE4}.tst|x64.ActiveCfg = tst|x64
		{3391699B-1204-4098-8697-2E43800AABE4}.tst|x64.Build.0 = tst|x64
		{76F01C7C-953B-4A0F-92D4-F3FBF50C6D71}.dbg|Win32.ActiveCfg = dbg|Win32
		{76F01C7C-953B-4A0F-92D4-F3FBF50C6D71}.dbg|Win32.Build.0 = dbg|Win32
		{76F01C7C-953B-4A0F-92D4-F3FBF50C6D71}.dbg|x64.ActiveCfg = dbg|x64
		{76F01C7C-953B-4A0F-92D4-F3FBF50C6D71}.dbg|x64.Build.0 = dbg|x64
		{76F01C7C-953B-4A0F-92D4-F3FBF50C6D71}.rtl|Win32.ActiveCfg = rtl|Win32
		{76F01C7C-953B-4A0F-92D4-F3FBF50C6D71}.rtl|Win32.Build.0 = rtl|Win32
		{76F01C7C-953B-4A0F-92D4-F3FBF50C6D71}.rtl|x64.ActiveCfg = rtl|x64
		{76F01C7C-953B-4A0F-92D4-F3FBF50C6D71}.rtl|x64.Build.0 = rtl|x64
		{76F01C7C-953B-4A0F-92D4-F3FBF50C6D71}.tst|Win32.ActiveCfg = tst|Win32
		{76F01C7C-953B-4A0F-92D4-F3FBF50C6D71}.tst|Win32.Build.0 = tst|Win32
		{76F01C7C-953B-4A0F-92D4-F3FBF50C6D71}.tst|x64.ActiveCfg = tst|x64
		{76F01C7C-953B-4A0F-92D4-F3FBF50C6D71}.tst|x64.Build.0 = tst|x64
		{1E39345E-E550-4530-ABF8-4DAE702D4FFA}.dbg|Win32.ActiveCfg = dbg|Win32
		{1E39345E-E550-4530-ABF8-4DAE702D4FFA}.dbg|Win32.Build.0 = dbg|Win32
		{1E39345E-E550-4530-ABF8-4DAE702D4FFA}.dbg|x64.ActiveCfg = dbg|x64
		{1E39345E-E550-4530-ABF8-4DAE702D4FFA}.dbg|x64.Build.0 = dbg|x64
		{1E39345E-E550-4530-ABF8-4DAE702D4FFA}.rtl|Win32.ActiveCfg = rtl|Win32
		{1E39345E-E550-4530-ABF8-4DAE702D4FFA}.rtl|Win32.Build.0 = rtl|Win32
		{1E39345E-E550-4530-ABF8-4DAE702D4FFA}.rtl|x64.ActiveCfg = rtl|x64
		{1E39345E-E550-4530-ABF8-4DAE702D4FFA}.rtl|x64.Build.0 = rtl|x64
		{1E39345E-E550-4530-ABF8-4DAE702D4FFA}.tst|Win32.ActiveCfg = tst|Win32
		{1E39345E-E550-4530-ABF8-4DAE702D4FFA}.tst|Win32.Build.0 = tst|Win32
		{1E39345E-E550-4530-ABF8-4DAE702D4FFA}.tst|x64.ActiveCfg = tst|x64
		{1E39345E-E550-4530-ABF8-4DAE702D4FFA}.tst|x64.Build.0 = tst|x64
		{DEBF5F38-2B24-4958-9895-A201E3C133BC}.dbg|Win32.ActiveCfg = dbg|Win32
		{DEBF5F38-2B24-4958-9895-A201E3C133BC}.dbg|Win32.Build.0 = dbg|Win32
		{DEBF5F38-2B24-4958-9895-A201E3C133BC}.dbg|x64.ActiveCfg = dbg|x64
		{DEBF5F38-2B24-4958-9895-A201E3C133BC}.dbg|x64.Build.0 = dbg|x64
		{DEBF5F38-2B24-4958-9895-A201E3C133BC}.rtl|Win32.ActiveCfg = rtl|Win32
		{DEBF5F38-2B24-4958-9895-A201E3C133BC}.rtl|Win32.Build.0 = rtl|Win32
		{DEBF5F38-2B24-4958-9895-A201E3C133BC}.rtl|x64.ActiveCfg = rtl|x64
		{DEBF5F38-2B24-4958-9895-A201E3C133BC}.rtl|x64.Build.0 = rtl|x64
		{DEBF5F38-2B24-4958-9895-A201E3C133BC}.tst|Win32.ActiveCfg = tst|Win32
		{DEBF5F38-2B24-4958-9895-A201E3C133BC}.tst|Win32.Build.0 = tst|Win32
		{DEBF5F38-2B24-4958-9895-A201E3C133BC}.tst|x64.ActiveCfg = tst|x64
		{DEBF5F38-2B24-4958-9895-A201E3C133BC}.tst|x64.Build.0 = tst|x64
		{1E39385E-ED50-4230-CBF8-49AE7E224FFA}.dbg|Win32.ActiveCfg = dbg|Win32
		{1E39385E-ED50-4230-CBF8-49AE7E224FFA}.dbg|Win32.Build.0 = dbg|Win32
		{1E39385E-ED50-4230-CBF8-49AE7E224FFA}.dbg|x64.ActiveCfg = dbg|x64
		{1E39385E-ED50-4230-CBF8-49AE7E224FFA}.dbg|x64.Build.0 = dbg|x64
		{1E39385E-ED50-4230-CBF8-49AE7E224FFA}.rtl|Win32.ActiveCfg = rtl|Win32
		{1E39385E-ED50-4230-CBF8-49AE7E224FFA}.rtl|Win32.Build.0 = rtl|Win32
		{1E39385E-ED50-4230-CBF8-49AE7E224FFA}.rtl|x64.ActiveCfg = rtl|x64
		{1E39385E-ED50-4230-CBF8-49AE7E224FFA}.rtl|x64.Build.0 = rtl|x64
		{1E39385E-ED50-4230-CBF8-49AE7E224FFA}.tst|Win32.ActiveCfg = tst|Win32
		{1E39385E-ED50-4230-CBF8-49AE7E224FFA}.tst|Win32.Build.0 = tst|Win32
		{1E39385E-ED50-4230-CBF8-49AE7E224FFA}.tst|x64.ActiveCfg = tst|x64
		{1E39385E-ED50-4230-CBF8-49AE7E224FFA}.tst|x64.Build.0 = tst|x64
	EndGlobalSection
	GlobalSection(SolutionProperties) = preSolution
		HideSolutionNode = FALSE
	EndGlobalSection
EndGlobal
