<?xml version="1.0" encoding="utf-8"?>
<Project ToolsVersion="4.0" xmlns="http://schemas.microsoft.com/developer/msbuild/2003">
  <ItemGroup>
    <Filter Include="Source Files">
      <UniqueIdentifier>{4FC737F1-C7A5-4376-A066-2A32D752A2FF}</UniqueIdentifier>
      <Extensions>cpp;c;cxx;def;odl;idl;hpj;bat;asm;asmx</Extensions>
    </Filter>
    <Filter Include="Header Files">
      <UniqueIdentifier>{93995380-89BD-4b04-88EB-625FBE52EBFB}</UniqueIdentifier>
      <Extensions>h;hpp;hxx;hm;inl;inc;xsd</Extensions>
    </Filter>
    <Filter Include="Resource Files">
      <UniqueIdentifier>{67DA6AB6-F800-4c08-8B7A-83BB121AAD01}</UniqueIdentifier>
      <Extensions>rc;ico;cur;bmp;dlg;rc2;rct;bin;rgs;gif;jpg;jpeg;jpe;resx</Extensions>
    </Filter>
  </ItemGroup>
  <ItemGroup>
    <ClCompile Include="PSTMigration.cpp">
      <Filter>Source Files</Filter>
    </ClCompile>
    <ClCompile Include="..\Exchange\MapiUtils.cpp">
      <Filter>Source Files</Filter>
    </ClCompile>
    <ClCompile Include="..\Exchange\ExchangeAdmin.cpp">
      <Filter>Source Files</Filter>
    </ClCompile>
    <ClCompile Include="..\Exchange\MAPISession.cpp">
      <Filter>Source Files</Filter>
    </ClCompile>
    <ClCompile Include="..\Exchange\MAPIStore.cpp">
      <Filter>Source Files</Filter>
    </ClCompile>
    <ClCompile Include="..\Exchange\MAPITableIterator.cpp">
      <Filter>Source Files</Filter>
    </ClCompile>
    <ClCompile Include="..\Exchange\MAPIAccessAPI.cpp">
      <Filter>Source Files</Filter>
    </ClCompile>
    <ClCompile Include="..\Exchange\MAPIContacts.cpp">
      <Filter>Source Files</Filter>
    </ClCompile>
    <ClCompile Include="..\Exchange\MAPIMessage.cpp">
      <Filter>Source Files</Filter>
    </ClCompile>
    <ClCompile Include="..\Exchange\MAPIFolder.cpp">
      <Filter>Source Files</Filter>
    </ClCompile>
    <ClCompile Include="..\Exchange\MAPIAppointment.cpp">
      <Filter>Source Files</Filter>
    </ClCompile>
  </ItemGroup>
  <ItemGroup>
    <ClInclude Include="..\Exchange\MapiUtils.h">
      <Filter>Header Files</Filter>
    </ClInclude>
    <ClInclude Include="..\Exchange\GenericException.h">
      <Filter>Header Files</Filter>
    </ClInclude>
    <ClInclude Include="..\Exchange\ExchangeAdmin.h">
      <Filter>Header Files</Filter>
    </ClInclude>
    <ClInclude Include="..\Exchange\MAPISession.h">
      <Filter>Header Files</Filter>
    </ClInclude>
    <ClInclude Include="..\Exchange\MAPIStore.h">
      <Filter>Header Files</Filter>
    </ClInclude>
    <ClInclude Include="..\Exchange\MAPITableIterator.h">
      <Filter>Header Files</Filter>
    </ClInclude>
    <ClInclude Include="..\Exchange\Exchange.h">
      <Filter>Header Files</Filter>
    </ClInclude>
    <ClInclude Include="..\Exchange\MAPIAccessAPI.h">
      <Filter>Header Files</Filter>
    </ClInclude>
    <ClInclude Include="..\Exchange\MAPIContacts.h">
      <Filter>Header Files</Filter>
    </ClInclude>
    <ClInclude Include="..\Exchange\MAPIMessage.h">
      <Filter>Header Files</Filter>
    </ClInclude>
    <ClInclude Include="..\Exchange\MAPIFolder.h">
      <Filter>Header Files</Filter>
    </ClInclude>
    <ClInclude Include="..\Exchange\MAPIAppointment.h">
      <Filter>Header Files</Filter>
    </ClInclude>
  </ItemGroup>
</Project>