Microsoft Visual Studio Solution File, Format Version 8.00
Project("{FAE04EC0-301F-11D3-BF4B-00C04F79EFBC}") = "Zimbra.Toast", "Zimbra.Toast.csproj", "{1F511A88-DC2F-4D2B-9D0E-8D529F6F054D}"
	ProjectSection(ProjectDependencies) = postProject
	EndProjectSection
EndProject
Project("{FAE04EC0-301F-11D3-BF4B-00C04F79EFBC}") = "Zimbra.Client", "Zimbra.Client\Zimbra.Client.csproj", "{E7198AE0-D78D-4AAC-93B5-F8754DBE7EEE}"
	ProjectSection(ProjectDependencies) = postProject
	EndProjectSection
EndProject
Global
	GlobalSection(SolutionConfiguration) = preSolution
		Debug = Debug
		Release = Release
	EndGlobalSection
	GlobalSection(ProjectDependencies) = postSolution
	EndGlobalSection
	GlobalSection(ProjectConfiguration) = postSolution
		{1F511A88-DC2F-4D2B-9D0E-8D529F6F054D}.Debug.ActiveCfg = Debug|.NET
		{1F511A88-DC2F-4D2B-9D0E-8D529F6F054D}.Debug.Build.0 = Debug|.NET
		{1F511A88-DC2F-4D2B-9D0E-8D529F6F054D}.Release.ActiveCfg = Release|.NET
		{1F511A88-DC2F-4D2B-9D0E-8D529F6F054D}.Release.Build.0 = Release|.NET
		{E7198AE0-D78D-4AAC-93B5-F8754DBE7EEE}.Debug.ActiveCfg = Debug|.NET
		{E7198AE0-D78D-4AAC-93B5-F8754DBE7EEE}.Debug.Build.0 = Debug|.NET
		{E7198AE0-D78D-4AAC-93B5-F8754DBE7EEE}.Release.ActiveCfg = Release|.NET
		{E7198AE0-D78D-4AAC-93B5-F8754DBE7EEE}.Release.Build.0 = Release|.NET
	EndGlobalSection
	GlobalSection(ExtensibilityGlobals) = postSolution
	EndGlobalSection
	GlobalSection(ExtensibilityAddIns) = postSolution
	EndGlobalSection
EndGlobal
