
Microsoft Visual Studio Solution File, Format Version 11.00
# Visual Studio 2010
Project("{8BC9CEB8-8B4A-11D0-8D11-00A0C91BC942}") = "MapiExchange", "MapiExchange\MapiExchange.vcxproj", "{056AA959-0FF5-4123-96F2-DE08D8B5636C}"
EndProject
Project("{8BC9CEB8-8B4A-11D0-8D11-00A0C91BC942}") = "MapiExchangePS", "MapiExchange\MapiExchangePS.vcxproj", "{7C054085-B3B3-47F3-BCE3-5C22FB017971}"
	ProjectSection(ProjectDependencies) = postProject
		{056AA959-0FF5-4123-96F2-DE08D8B5636C} = {056AA959-0FF5-4123-96F2-DE08D8B5636C}
	EndProjectSection
EndProject
Global
	GlobalSection(SolutionConfigurationPlatforms) = preSolution
		Debug|Win32 = Debug|Win32
		Release|Win32 = Release|Win32
	EndGlobalSection
	GlobalSection(ProjectConfigurationPlatforms) = postSolution
		{056AA959-0FF5-4123-96F2-DE08D8B5636C}.Debug|Win32.ActiveCfg = Debug|Win32
		{056AA959-0FF5-4123-96F2-DE08D8B5636C}.Debug|Win32.Build.0 = Debug|Win32
		{056AA959-0FF5-4123-96F2-DE08D8B5636C}.Release|Win32.ActiveCfg = Release|Win32
		{056AA959-0FF5-4123-96F2-DE08D8B5636C}.Release|Win32.Build.0 = Release|Win32
		{7C054085-B3B3-47F3-BCE3-5C22FB017971}.Debug|Win32.ActiveCfg = Debug|Win32
		{7C054085-B3B3-47F3-BCE3-5C22FB017971}.Release|Win32.ActiveCfg = Release|Win32
	EndGlobalSection
	GlobalSection(SolutionProperties) = preSolution
		HideSolutionNode = FALSE
	EndGlobalSection
EndGlobal
